// !$*UTF8*$!
{
	archiveVersion = 1;
	classes = {
	};
	objectVersion = 46;
	objects = {

/* Begin PBXBuildFile section */
		820299C51F93B9E100389AB1 /* AddingViewController.swift in Sources */ = {isa = PBXBuildFile; fileRef = 820299C41F93B9E100389AB1 /* AddingViewController.swift */; };
		8202D9F91F64F45E00660802 /* KMLParser.swift in Sources */ = {isa = PBXBuildFile; fileRef = 8202D9F81F64F45E00660802 /* KMLParser.swift */; };
		820DD1521F633AA9005B6EFA /* CoreLocation.framework in Frameworks */ = {isa = PBXBuildFile; fileRef = 820DD1511F633AA9005B6EFA /* CoreLocation.framework */; };
		824518961F646D0000A7F2DA /* tm_rail_stops.kml in Resources */ = {isa = PBXBuildFile; fileRef = 824518951F646D0000A7F2DA /* tm_rail_stops.kml */; };
		82AFAD941F53AC4B001D2E5E /* AppDelegate.swift in Sources */ = {isa = PBXBuildFile; fileRef = 82AFAD931F53AC4B001D2E5E /* AppDelegate.swift */; };
		82AFAD961F53AC4B001D2E5E /* MainlineViewController.swift in Sources */ = {isa = PBXBuildFile; fileRef = 82AFAD951F53AC4B001D2E5E /* MainlineViewController.swift */; };
		82AFAD9B1F53AC4B001D2E5E /* Main.storyboard in Resources */ = {isa = PBXBuildFile; fileRef = 82AFAD991F53AC4B001D2E5E /* Main.storyboard */; };
		82AFAD9D1F53AC4B001D2E5E /* Assets.xcassets in Resources */ = {isa = PBXBuildFile; fileRef = 82AFAD9C1F53AC4B001D2E5E /* Assets.xcassets */; };
		82AFADA01F53AC4B001D2E5E /* LaunchScreen.storyboard in Resources */ = {isa = PBXBuildFile; fileRef = 82AFAD9E1F53AC4B001D2E5E /* LaunchScreen.storyboard */; };
		82AFADAB1F53AC4B001D2E5E /* TransiTrainerTests.swift in Sources */ = {isa = PBXBuildFile; fileRef = 82AFADAA1F53AC4B001D2E5E /* TransiTrainerTests.swift */; };
		82AFADB61F53AC4B001D2E5E /* TransiTrainerUITests.swift in Sources */ = {isa = PBXBuildFile; fileRef = 82AFADB51F53AC4B001D2E5E /* TransiTrainerUITests.swift */; };
		82C7CFF41F63639F00580464 /* libz.tbd in Frameworks */ = {isa = PBXBuildFile; fileRef = 82C7CFF31F63639F00580464 /* libz.tbd */; };
		82DEA8631F9146AC006097B7 /* CSV.swift in Sources */ = {isa = PBXBuildFile; fileRef = 82DEA85E1F9146AC006097B7 /* CSV.swift */; };
		82DEA8641F9146AC006097B7 /* Description.swift in Sources */ = {isa = PBXBuildFile; fileRef = 82DEA85F1F9146AC006097B7 /* Description.swift */; };
		82DEA8651F9146AC006097B7 /* Parser.swift in Sources */ = {isa = PBXBuildFile; fileRef = 82DEA8601F9146AC006097B7 /* Parser.swift */; };
		82DEA8661F9146AC006097B7 /* ParserHelpers.swift in Sources */ = {isa = PBXBuildFile; fileRef = 82DEA8611F9146AC006097B7 /* ParserHelpers.swift */; };
		82DEA8671F9146AC006097B7 /* String+Lines.swift in Sources */ = {isa = PBXBuildFile; fileRef = 82DEA8621F9146AC006097B7 /* String+Lines.swift */; };
		82ED405C1F69C91D00862AA6 /* FXBlurView.m in Sources */ = {isa = PBXBuildFile; fileRef = 82ED404A1F69C91D00862AA6 /* FXBlurView.m */; };
		82ED405D1F69C91D00862AA6 /* InteractiveTransition.swift in Sources */ = {isa = PBXBuildFile; fileRef = 82ED404B1F69C91D00862AA6 /* InteractiveTransition.swift */; };
		82ED405E1F69C91D00862AA6 /* PopupDialog.swift in Sources */ = {isa = PBXBuildFile; fileRef = 82ED404C1F69C91D00862AA6 /* PopupDialog.swift */; };
		82ED405F1F69C91D00862AA6 /* PopupDialog+Keyboard.swift in Sources */ = {isa = PBXBuildFile; fileRef = 82ED404D1F69C91D00862AA6 /* PopupDialog+Keyboard.swift */; };
		82ED40601F69C91D00862AA6 /* PopupDialogButton.swift in Sources */ = {isa = PBXBuildFile; fileRef = 82ED404E1F69C91D00862AA6 /* PopupDialogButton.swift */; };
		82ED40611F69C91D00862AA6 /* PopupDialogContainerView.swift in Sources */ = {isa = PBXBuildFile; fileRef = 82ED404F1F69C91D00862AA6 /* PopupDialogContainerView.swift */; };
		82ED40621F69C91D00862AA6 /* PopupDialogDefaultButtons.swift in Sources */ = {isa = PBXBuildFile; fileRef = 82ED40501F69C91D00862AA6 /* PopupDialogDefaultButtons.swift */; };
		82ED40631F69C91D00862AA6 /* PopupDialogDefaultView.swift in Sources */ = {isa = PBXBuildFile; fileRef = 82ED40511F69C91D00862AA6 /* PopupDialogDefaultView.swift */; };
		82ED40641F69C91D00862AA6 /* PopupDialogDefaultViewController.swift in Sources */ = {isa = PBXBuildFile; fileRef = 82ED40521F69C91D00862AA6 /* PopupDialogDefaultViewController.swift */; };
		82ED40651F69C91D00862AA6 /* PopupDialogOverlayView.swift in Sources */ = {isa = PBXBuildFile; fileRef = 82ED40531F69C91D00862AA6 /* PopupDialogOverlayView.swift */; };
		82ED40661F69C91D00862AA6 /* PresentationController.swift in Sources */ = {isa = PBXBuildFile; fileRef = 82ED40541F69C91D00862AA6 /* PresentationController.swift */; };
		82ED40671F69C91D00862AA6 /* PresentationManager.swift in Sources */ = {isa = PBXBuildFile; fileRef = 82ED40551F69C91D00862AA6 /* PresentationManager.swift */; };
		82ED40681F69C91D00862AA6 /* TransitionAnimations.swift in Sources */ = {isa = PBXBuildFile; fileRef = 82ED40561F69C91D00862AA6 /* TransitionAnimations.swift */; };
		82ED40691F69C91D00862AA6 /* TransitionAnimator.swift in Sources */ = {isa = PBXBuildFile; fileRef = 82ED40571F69C91D00862AA6 /* TransitionAnimator.swift */; };
		82ED406B1F69C91D00862AA6 /* UIImageView+Calculations.swift in Sources */ = {isa = PBXBuildFile; fileRef = 82ED40591F69C91D00862AA6 /* UIImageView+Calculations.swift */; };
		82ED406C1F69C91D00862AA6 /* UIView+Animations.swift in Sources */ = {isa = PBXBuildFile; fileRef = 82ED405A1F69C91D00862AA6 /* UIView+Animations.swift */; };
		82ED406D1F69C91D00862AA6 /* UIViewController+Visibility.swift in Sources */ = {isa = PBXBuildFile; fileRef = 82ED405B1F69C91D00862AA6 /* UIViewController+Visibility.swift */; };
		82ED40711F69D18900862AA6 /* StudentsViewController.swift in Sources */ = {isa = PBXBuildFile; fileRef = 82ED40701F69D18900862AA6 /* StudentsViewController.swift */; };
		82ED40731F69D85C00862AA6 /* Foundation.framework in Frameworks */ = {isa = PBXBuildFile; fileRef = 82ED40721F69D85C00862AA6 /* Foundation.framework */; };
		82ED40751F69D86200862AA6 /* CoreGraphics.framework in Frameworks */ = {isa = PBXBuildFile; fileRef = 82ED40741F69D86200862AA6 /* CoreGraphics.framework */; };
		82ED407B1F69D8EB00862AA6 /* TZSpacerView.swift in Sources */ = {isa = PBXBuildFile; fileRef = 82ED40771F69D8EB00862AA6 /* TZSpacerView.swift */; };
		82ED407C1F69D8EB00862AA6 /* TZStackView.swift in Sources */ = {isa = PBXBuildFile; fileRef = 82ED40781F69D8EB00862AA6 /* TZStackView.swift */; };
		82ED407D1F69D8EB00862AA6 /* TZStackViewAlignment.swift in Sources */ = {isa = PBXBuildFile; fileRef = 82ED40791F69D8EB00862AA6 /* TZStackViewAlignment.swift */; };
		82ED407E1F69D8EB00862AA6 /* TZStackViewDistribution.swift in Sources */ = {isa = PBXBuildFile; fileRef = 82ED407A1F69D8EB00862AA6 /* TZStackViewDistribution.swift */; };
		82ED407F1F69D95600862AA6 /* FXBlurView.h in Sources */ = {isa = PBXBuildFile; fileRef = 82ED40491F69C91D00862AA6 /* FXBlurView.h */; };
/* End PBXBuildFile section */

/* Begin PBXContainerItemProxy section */
		82AFADA71F53AC4B001D2E5E /* PBXContainerItemProxy */ = {
			isa = PBXContainerItemProxy;
			containerPortal = 82AFAD881F53AC4B001D2E5E /* Project object */;
			proxyType = 1;
			remoteGlobalIDString = 82AFAD8F1F53AC4B001D2E5E;
			remoteInfo = TransiTrainer;
		};
		82AFADB21F53AC4B001D2E5E /* PBXContainerItemProxy */ = {
			isa = PBXContainerItemProxy;
			containerPortal = 82AFAD881F53AC4B001D2E5E /* Project object */;
			proxyType = 1;
			remoteGlobalIDString = 82AFAD8F1F53AC4B001D2E5E;
			remoteInfo = TransiTrainer;
		};
/* End PBXContainerItemProxy section */

/* Begin PBXFileReference section */
		820299C41F93B9E100389AB1 /* AddingViewController.swift */ = {isa = PBXFileReference; fileEncoding = 4; lastKnownFileType = sourcecode.swift; path = AddingViewController.swift; sourceTree = "<group>"; };
		8202D9F81F64F45E00660802 /* KMLParser.swift */ = {isa = PBXFileReference; fileEncoding = 4; lastKnownFileType = sourcecode.swift; path = KMLParser.swift; sourceTree = "<group>"; };
		820DD1511F633AA9005B6EFA /* CoreLocation.framework */ = {isa = PBXFileReference; lastKnownFileType = wrapper.framework; name = CoreLocation.framework; path = System/Library/Frameworks/CoreLocation.framework; sourceTree = SDKROOT; };
		824518951F646D0000A7F2DA /* tm_rail_stops.kml */ = {isa = PBXFileReference; fileEncoding = 4; lastKnownFileType = text.xml; path = tm_rail_stops.kml; sourceTree = "<group>"; };
		82AFAD901F53AC4B001D2E5E /* TransiTrainer.app */ = {isa = PBXFileReference; explicitFileType = wrapper.application; includeInIndex = 0; path = TransiTrainer.app; sourceTree = BUILT_PRODUCTS_DIR; };
		82AFAD931F53AC4B001D2E5E /* AppDelegate.swift */ = {isa = PBXFileReference; lastKnownFileType = sourcecode.swift; path = AppDelegate.swift; sourceTree = "<group>"; };
		82AFAD951F53AC4B001D2E5E /* MainlineViewController.swift */ = {isa = PBXFileReference; lastKnownFileType = sourcecode.swift; path = MainlineViewController.swift; sourceTree = "<group>"; };
		82AFAD9A1F53AC4B001D2E5E /* Base */ = {isa = PBXFileReference; lastKnownFileType = file.storyboard; name = Base; path = Base.lproj/Main.storyboard; sourceTree = "<group>"; };
		82AFAD9C1F53AC4B001D2E5E /* Assets.xcassets */ = {isa = PBXFileReference; lastKnownFileType = folder.assetcatalog; path = Assets.xcassets; sourceTree = "<group>"; };
		82AFAD9F1F53AC4B001D2E5E /* Base */ = {isa = PBXFileReference; lastKnownFileType = file.storyboard; name = Base; path = Base.lproj/LaunchScreen.storyboard; sourceTree = "<group>"; };
		82AFADA11F53AC4B001D2E5E /* Info.plist */ = {isa = PBXFileReference; lastKnownFileType = text.plist.xml; path = Info.plist; sourceTree = "<group>"; };
		82AFADA61F53AC4B001D2E5E /* TransiTrainerTests.xctest */ = {isa = PBXFileReference; explicitFileType = wrapper.cfbundle; includeInIndex = 0; path = TransiTrainerTests.xctest; sourceTree = BUILT_PRODUCTS_DIR; };
		82AFADAA1F53AC4B001D2E5E /* TransiTrainerTests.swift */ = {isa = PBXFileReference; lastKnownFileType = sourcecode.swift; path = TransiTrainerTests.swift; sourceTree = "<group>"; };
		82AFADAC1F53AC4B001D2E5E /* Info.plist */ = {isa = PBXFileReference; lastKnownFileType = text.plist.xml; path = Info.plist; sourceTree = "<group>"; };
		82AFADB11F53AC4B001D2E5E /* TransiTrainerUITests.xctest */ = {isa = PBXFileReference; explicitFileType = wrapper.cfbundle; includeInIndex = 0; path = TransiTrainerUITests.xctest; sourceTree = BUILT_PRODUCTS_DIR; };
		82AFADB51F53AC4B001D2E5E /* TransiTrainerUITests.swift */ = {isa = PBXFileReference; lastKnownFileType = sourcecode.swift; path = TransiTrainerUITests.swift; sourceTree = "<group>"; };
		82AFADB71F53AC4B001D2E5E /* Info.plist */ = {isa = PBXFileReference; lastKnownFileType = text.plist.xml; path = Info.plist; sourceTree = "<group>"; };
		82C7CFF31F63639F00580464 /* libz.tbd */ = {isa = PBXFileReference; lastKnownFileType = "sourcecode.text-based-dylib-definition"; name = libz.tbd; path = usr/lib/libz.tbd; sourceTree = SDKROOT; };
		82DEA85E1F9146AC006097B7 /* CSV.swift */ = {isa = PBXFileReference; fileEncoding = 4; lastKnownFileType = sourcecode.swift; path = CSV.swift; sourceTree = "<group>"; };
		82DEA85F1F9146AC006097B7 /* Description.swift */ = {isa = PBXFileReference; fileEncoding = 4; lastKnownFileType = sourcecode.swift; path = Description.swift; sourceTree = "<group>"; };
		82DEA8601F9146AC006097B7 /* Parser.swift */ = {isa = PBXFileReference; fileEncoding = 4; lastKnownFileType = sourcecode.swift; path = Parser.swift; sourceTree = "<group>"; };
		82DEA8611F9146AC006097B7 /* ParserHelpers.swift */ = {isa = PBXFileReference; fileEncoding = 4; lastKnownFileType = sourcecode.swift; path = ParserHelpers.swift; sourceTree = "<group>"; };
		82DEA8621F9146AC006097B7 /* String+Lines.swift */ = {isa = PBXFileReference; fileEncoding = 4; lastKnownFileType = sourcecode.swift; path = "String+Lines.swift"; sourceTree = "<group>"; };
		82ED40481F69C91C00862AA6 /* TransiTrainer-Bridging-Header.h */ = {isa = PBXFileReference; lastKnownFileType = sourcecode.c.h; path = "TransiTrainer-Bridging-Header.h"; sourceTree = "<group>"; };
		82ED40491F69C91D00862AA6 /* FXBlurView.h */ = {isa = PBXFileReference; fileEncoding = 4; lastKnownFileType = sourcecode.c.h; path = FXBlurView.h; sourceTree = "<group>"; };
		82ED404A1F69C91D00862AA6 /* FXBlurView.m */ = {isa = PBXFileReference; fileEncoding = 4; lastKnownFileType = sourcecode.c.objc; path = FXBlurView.m; sourceTree = "<group>"; };
		82ED404B1F69C91D00862AA6 /* InteractiveTransition.swift */ = {isa = PBXFileReference; fileEncoding = 4; lastKnownFileType = sourcecode.swift; path = InteractiveTransition.swift; sourceTree = "<group>"; };
		82ED404C1F69C91D00862AA6 /* PopupDialog.swift */ = {isa = PBXFileReference; fileEncoding = 4; lastKnownFileType = sourcecode.swift; path = PopupDialog.swift; sourceTree = "<group>"; };
		82ED404D1F69C91D00862AA6 /* PopupDialog+Keyboard.swift */ = {isa = PBXFileReference; fileEncoding = 4; lastKnownFileType = sourcecode.swift; path = "PopupDialog+Keyboard.swift"; sourceTree = "<group>"; };
		82ED404E1F69C91D00862AA6 /* PopupDialogButton.swift */ = {isa = PBXFileReference; fileEncoding = 4; lastKnownFileType = sourcecode.swift; path = PopupDialogButton.swift; sourceTree = "<group>"; };
		82ED404F1F69C91D00862AA6 /* PopupDialogContainerView.swift */ = {isa = PBXFileReference; fileEncoding = 4; lastKnownFileType = sourcecode.swift; path = PopupDialogContainerView.swift; sourceTree = "<group>"; };
		82ED40501F69C91D00862AA6 /* PopupDialogDefaultButtons.swift */ = {isa = PBXFileReference; fileEncoding = 4; lastKnownFileType = sourcecode.swift; path = PopupDialogDefaultButtons.swift; sourceTree = "<group>"; };
		82ED40511F69C91D00862AA6 /* PopupDialogDefaultView.swift */ = {isa = PBXFileReference; fileEncoding = 4; lastKnownFileType = sourcecode.swift; path = PopupDialogDefaultView.swift; sourceTree = "<group>"; };
		82ED40521F69C91D00862AA6 /* PopupDialogDefaultViewController.swift */ = {isa = PBXFileReference; fileEncoding = 4; lastKnownFileType = sourcecode.swift; path = PopupDialogDefaultViewController.swift; sourceTree = "<group>"; };
		82ED40531F69C91D00862AA6 /* PopupDialogOverlayView.swift */ = {isa = PBXFileReference; fileEncoding = 4; lastKnownFileType = sourcecode.swift; path = PopupDialogOverlayView.swift; sourceTree = "<group>"; };
		82ED40541F69C91D00862AA6 /* PresentationController.swift */ = {isa = PBXFileReference; fileEncoding = 4; lastKnownFileType = sourcecode.swift; path = PresentationController.swift; sourceTree = "<group>"; };
		82ED40551F69C91D00862AA6 /* PresentationManager.swift */ = {isa = PBXFileReference; fileEncoding = 4; lastKnownFileType = sourcecode.swift; path = PresentationManager.swift; sourceTree = "<group>"; };
		82ED40561F69C91D00862AA6 /* TransitionAnimations.swift */ = {isa = PBXFileReference; fileEncoding = 4; lastKnownFileType = sourcecode.swift; path = TransitionAnimations.swift; sourceTree = "<group>"; };
		82ED40571F69C91D00862AA6 /* TransitionAnimator.swift */ = {isa = PBXFileReference; fileEncoding = 4; lastKnownFileType = sourcecode.swift; path = TransitionAnimator.swift; sourceTree = "<group>"; };
		82ED40581F69C91D00862AA6 /* TZStackView */ = {isa = PBXFileReference; lastKnownFileType = folder; path = TZStackView; sourceTree = "<group>"; };
		82ED40591F69C91D00862AA6 /* UIImageView+Calculations.swift */ = {isa = PBXFileReference; fileEncoding = 4; lastKnownFileType = sourcecode.swift; path = "UIImageView+Calculations.swift"; sourceTree = "<group>"; };
		82ED405A1F69C91D00862AA6 /* UIView+Animations.swift */ = {isa = PBXFileReference; fileEncoding = 4; lastKnownFileType = sourcecode.swift; path = "UIView+Animations.swift"; sourceTree = "<group>"; };
		82ED405B1F69C91D00862AA6 /* UIViewController+Visibility.swift */ = {isa = PBXFileReference; fileEncoding = 4; lastKnownFileType = sourcecode.swift; path = "UIViewController+Visibility.swift"; sourceTree = "<group>"; };
		82ED40701F69D18900862AA6 /* StudentsViewController.swift */ = {isa = PBXFileReference; fileEncoding = 4; lastKnownFileType = sourcecode.swift; path = StudentsViewController.swift; sourceTree = "<group>"; };
		82ED40721F69D85C00862AA6 /* Foundation.framework */ = {isa = PBXFileReference; lastKnownFileType = wrapper.framework; name = Foundation.framework; path = System/Library/Frameworks/Foundation.framework; sourceTree = SDKROOT; };
		82ED40741F69D86200862AA6 /* CoreGraphics.framework */ = {isa = PBXFileReference; lastKnownFileType = wrapper.framework; name = CoreGraphics.framework; path = System/Library/Frameworks/CoreGraphics.framework; sourceTree = SDKROOT; };
		82ED40771F69D8EB00862AA6 /* TZSpacerView.swift */ = {isa = PBXFileReference; lastKnownFileType = sourcecode.swift; name = TZSpacerView.swift; path = TZStackView/TZSpacerView.swift; sourceTree = "<group>"; };
		82ED40781F69D8EB00862AA6 /* TZStackView.swift */ = {isa = PBXFileReference; lastKnownFileType = sourcecode.swift; name = TZStackView.swift; path = TZStackView/TZStackView.swift; sourceTree = "<group>"; };
		82ED40791F69D8EB00862AA6 /* TZStackViewAlignment.swift */ = {isa = PBXFileReference; lastKnownFileType = sourcecode.swift; name = TZStackViewAlignment.swift; path = TZStackView/TZStackViewAlignment.swift; sourceTree = "<group>"; };
		82ED407A1F69D8EB00862AA6 /* TZStackViewDistribution.swift */ = {isa = PBXFileReference; lastKnownFileType = sourcecode.swift; name = TZStackViewDistribution.swift; path = TZStackView/TZStackViewDistribution.swift; sourceTree = "<group>"; };
/* End PBXFileReference section */

/* Begin PBXFrameworksBuildPhase section */
		82AFAD8D1F53AC4B001D2E5E /* Frameworks */ = {
			isa = PBXFrameworksBuildPhase;
			buildActionMask = 2147483647;
			files = (
				82ED40751F69D86200862AA6 /* CoreGraphics.framework in Frameworks */,
				82ED40731F69D85C00862AA6 /* Foundation.framework in Frameworks */,
				82C7CFF41F63639F00580464 /* libz.tbd in Frameworks */,
				820DD1521F633AA9005B6EFA /* CoreLocation.framework in Frameworks */,
			);
			runOnlyForDeploymentPostprocessing = 0;
		};
		82AFADA31F53AC4B001D2E5E /* Frameworks */ = {
			isa = PBXFrameworksBuildPhase;
			buildActionMask = 2147483647;
			files = (
			);
			runOnlyForDeploymentPostprocessing = 0;
		};
		82AFADAE1F53AC4B001D2E5E /* Frameworks */ = {
			isa = PBXFrameworksBuildPhase;
			buildActionMask = 2147483647;
			files = (
			);
			runOnlyForDeploymentPostprocessing = 0;
		};
/* End PBXFrameworksBuildPhase section */

/* Begin PBXGroup section */
		820DD1501F633AA9005B6EFA /* Frameworks */ = {
			isa = PBXGroup;
			children = (
				82ED40741F69D86200862AA6 /* CoreGraphics.framework */,
				82ED40721F69D85C00862AA6 /* Foundation.framework */,
				82C7CFF31F63639F00580464 /* libz.tbd */,
				820DD1511F633AA9005B6EFA /* CoreLocation.framework */,
			);
			name = Frameworks;
			sourceTree = "<group>";
		};
		82AFAD871F53AC4B001D2E5E = {
			isa = PBXGroup;
			children = (
				82AFAD921F53AC4B001D2E5E /* TransiTrainer */,
				82AFADA91F53AC4B001D2E5E /* TransiTrainerTests */,
				82AFADB41F53AC4B001D2E5E /* TransiTrainerUITests */,
				82AFAD911F53AC4B001D2E5E /* Products */,
				820DD1501F633AA9005B6EFA /* Frameworks */,
			);
			sourceTree = "<group>";
		};
		82AFAD911F53AC4B001D2E5E /* Products */ = {
			isa = PBXGroup;
			children = (
				82AFAD901F53AC4B001D2E5E /* TransiTrainer.app */,
				82AFADA61F53AC4B001D2E5E /* TransiTrainerTests.xctest */,
				82AFADB11F53AC4B001D2E5E /* TransiTrainerUITests.xctest */,
			);
			name = Products;
			sourceTree = "<group>";
		};
		82AFAD921F53AC4B001D2E5E /* TransiTrainer */ = {
			isa = PBXGroup;
			children = (
				82DEA85E1F9146AC006097B7 /* CSV.swift */,
				82DEA85F1F9146AC006097B7 /* Description.swift */,
				82DEA8601F9146AC006097B7 /* Parser.swift */,
				82DEA8611F9146AC006097B7 /* ParserHelpers.swift */,
				82DEA8621F9146AC006097B7 /* String+Lines.swift */,
				82ED40771F69D8EB00862AA6 /* TZSpacerView.swift */,
				82ED40781F69D8EB00862AA6 /* TZStackView.swift */,
				82ED40791F69D8EB00862AA6 /* TZStackViewAlignment.swift */,
				82ED407A1F69D8EB00862AA6 /* TZStackViewDistribution.swift */,
				82ED40491F69C91D00862AA6 /* FXBlurView.h */,
				82ED404A1F69C91D00862AA6 /* FXBlurView.m */,
				82ED404B1F69C91D00862AA6 /* InteractiveTransition.swift */,
				82ED404C1F69C91D00862AA6 /* PopupDialog.swift */,
				82ED404D1F69C91D00862AA6 /* PopupDialog+Keyboard.swift */,
				82ED404E1F69C91D00862AA6 /* PopupDialogButton.swift */,
				82ED404F1F69C91D00862AA6 /* PopupDialogContainerView.swift */,
				82ED40501F69C91D00862AA6 /* PopupDialogDefaultButtons.swift */,
				82ED40511F69C91D00862AA6 /* PopupDialogDefaultView.swift */,
				82ED40521F69C91D00862AA6 /* PopupDialogDefaultViewController.swift */,
				82ED40531F69C91D00862AA6 /* PopupDialogOverlayView.swift */,
				82ED40541F69C91D00862AA6 /* PresentationController.swift */,
				82ED40551F69C91D00862AA6 /* PresentationManager.swift */,
				82ED40561F69C91D00862AA6 /* TransitionAnimations.swift */,
				82ED40571F69C91D00862AA6 /* TransitionAnimator.swift */,
				82ED40581F69C91D00862AA6 /* TZStackView */,
				82ED40591F69C91D00862AA6 /* UIImageView+Calculations.swift */,
				82ED405A1F69C91D00862AA6 /* UIView+Animations.swift */,
				82ED405B1F69C91D00862AA6 /* UIViewController+Visibility.swift */,
				82AFAD931F53AC4B001D2E5E /* AppDelegate.swift */,
				824518951F646D0000A7F2DA /* tm_rail_stops.kml */,
				82AFAD951F53AC4B001D2E5E /* MainlineViewController.swift */,
				820299C41F93B9E100389AB1 /* AddingViewController.swift */,
				82ED40701F69D18900862AA6 /* StudentsViewController.swift */,
				82AFAD991F53AC4B001D2E5E /* Main.storyboard */,
				82AFAD9C1F53AC4B001D2E5E /* Assets.xcassets */,
				82AFAD9E1F53AC4B001D2E5E /* LaunchScreen.storyboard */,
				82AFADA11F53AC4B001D2E5E /* Info.plist */,
				8202D9F81F64F45E00660802 /* KMLParser.swift */,
				82ED40481F69C91C00862AA6 /* TransiTrainer-Bridging-Header.h */,
			);
			path = TransiTrainer;
			sourceTree = "<group>";
		};
		82AFADA91F53AC4B001D2E5E /* TransiTrainerTests */ = {
			isa = PBXGroup;
			children = (
				82AFADAA1F53AC4B001D2E5E /* TransiTrainerTests.swift */,
				82AFADAC1F53AC4B001D2E5E /* Info.plist */,
			);
			path = TransiTrainerTests;
			sourceTree = "<group>";
		};
		82AFADB41F53AC4B001D2E5E /* TransiTrainerUITests */ = {
			isa = PBXGroup;
			children = (
				82AFADB51F53AC4B001D2E5E /* TransiTrainerUITests.swift */,
				82AFADB71F53AC4B001D2E5E /* Info.plist */,
			);
			path = TransiTrainerUITests;
			sourceTree = "<group>";
		};
/* End PBXGroup section */

/* Begin PBXNativeTarget section */
		82AFAD8F1F53AC4B001D2E5E /* TransiTrainer */ = {
			isa = PBXNativeTarget;
			buildConfigurationList = 82AFADBA1F53AC4B001D2E5E /* Build configuration list for PBXNativeTarget "TransiTrainer" */;
			buildPhases = (
				82AFAD8C1F53AC4B001D2E5E /* Sources */,
				82AFAD8D1F53AC4B001D2E5E /* Frameworks */,
				82AFAD8E1F53AC4B001D2E5E /* Resources */,
			);
			buildRules = (
			);
			dependencies = (
			);
			name = TransiTrainer;
			productName = TransiTrainer;
			productReference = 82AFAD901F53AC4B001D2E5E /* TransiTrainer.app */;
			productType = "com.apple.product-type.application";
		};
		82AFADA51F53AC4B001D2E5E /* TransiTrainerTests */ = {
			isa = PBXNativeTarget;
			buildConfigurationList = 82AFADBD1F53AC4B001D2E5E /* Build configuration list for PBXNativeTarget "TransiTrainerTests" */;
			buildPhases = (
				82AFADA21F53AC4B001D2E5E /* Sources */,
				82AFADA31F53AC4B001D2E5E /* Frameworks */,
				82AFADA41F53AC4B001D2E5E /* Resources */,
			);
			buildRules = (
			);
			dependencies = (
				82AFADA81F53AC4B001D2E5E /* PBXTargetDependency */,
			);
			name = TransiTrainerTests;
			productName = TransiTrainerTests;
			productReference = 82AFADA61F53AC4B001D2E5E /* TransiTrainerTests.xctest */;
			productType = "com.apple.product-type.bundle.unit-test";
		};
		82AFADB01F53AC4B001D2E5E /* TransiTrainerUITests */ = {
			isa = PBXNativeTarget;
			buildConfigurationList = 82AFADC01F53AC4B001D2E5E /* Build configuration list for PBXNativeTarget "TransiTrainerUITests" */;
			buildPhases = (
				82AFADAD1F53AC4B001D2E5E /* Sources */,
				82AFADAE1F53AC4B001D2E5E /* Frameworks */,
				82AFADAF1F53AC4B001D2E5E /* Resources */,
			);
			buildRules = (
			);
			dependencies = (
				82AFADB31F53AC4B001D2E5E /* PBXTargetDependency */,
			);
			name = TransiTrainerUITests;
			productName = TransiTrainerUITests;
			productReference = 82AFADB11F53AC4B001D2E5E /* TransiTrainerUITests.xctest */;
			productType = "com.apple.product-type.bundle.ui-testing";
		};
/* End PBXNativeTarget section */

/* Begin PBXProject section */
		82AFAD881F53AC4B001D2E5E /* Project object */ = {
			isa = PBXProject;
			attributes = {
				LastSwiftUpdateCheck = 0830;
				LastUpgradeCheck = 0830;
				ORGANIZATIONNAME = "Tri-Met";
				TargetAttributes = {
					82AFAD8F1F53AC4B001D2E5E = {
						CreatedOnToolsVersion = 8.3.2;
						DevelopmentTeam = 6FRY6X7ZAZ;
						LastSwiftMigration = 0830;
						ProvisioningStyle = Automatic;
					};
					82AFADA51F53AC4B001D2E5E = {
						CreatedOnToolsVersion = 8.3.2;
						ProvisioningStyle = Automatic;
						TestTargetID = 82AFAD8F1F53AC4B001D2E5E;
					};
					82AFADB01F53AC4B001D2E5E = {
						CreatedOnToolsVersion = 8.3.2;
						ProvisioningStyle = Automatic;
						TestTargetID = 82AFAD8F1F53AC4B001D2E5E;
					};
				};
			};
			buildConfigurationList = 82AFAD8B1F53AC4B001D2E5E /* Build configuration list for PBXProject "TransiTrainer" */;
			compatibilityVersion = "Xcode 3.2";
			developmentRegion = English;
			hasScannedForEncodings = 0;
			knownRegions = (
				en,
				Base,
			);
			mainGroup = 82AFAD871F53AC4B001D2E5E;
			productRefGroup = 82AFAD911F53AC4B001D2E5E /* Products */;
			projectDirPath = "";
			projectRoot = "";
			targets = (
				82AFAD8F1F53AC4B001D2E5E /* TransiTrainer */,
				82AFADA51F53AC4B001D2E5E /* TransiTrainerTests */,
				82AFADB01F53AC4B001D2E5E /* TransiTrainerUITests */,
			);
		};
/* End PBXProject section */

/* Begin PBXResourcesBuildPhase section */
		82AFAD8E1F53AC4B001D2E5E /* Resources */ = {
			isa = PBXResourcesBuildPhase;
			buildActionMask = 2147483647;
			files = (
				82AFADA01F53AC4B001D2E5E /* LaunchScreen.storyboard in Resources */,
				82AFAD9D1F53AC4B001D2E5E /* Assets.xcassets in Resources */,
				82AFAD9B1F53AC4B001D2E5E /* Main.storyboard in Resources */,
				824518961F646D0000A7F2DA /* tm_rail_stops.kml in Resources */,
			);
			runOnlyForDeploymentPostprocessing = 0;
		};
		82AFADA41F53AC4B001D2E5E /* Resources */ = {
			isa = PBXResourcesBuildPhase;
			buildActionMask = 2147483647;
			files = (
			);
			runOnlyForDeploymentPostprocessing = 0;
		};
		82AFADAF1F53AC4B001D2E5E /* Resources */ = {
			isa = PBXResourcesBuildPhase;
			buildActionMask = 2147483647;
			files = (
			);
			runOnlyForDeploymentPostprocessing = 0;
		};
/* End PBXResourcesBuildPhase section */

/* Begin PBXSourcesBuildPhase section */
		82AFAD8C1F53AC4B001D2E5E /* Sources */ = {
			isa = PBXSourcesBuildPhase;
			buildActionMask = 2147483647;
			files = (
				82ED407F1F69D95600862AA6 /* FXBlurView.h in Sources */,
				82ED407B1F69D8EB00862AA6 /* TZSpacerView.swift in Sources */,
				82ED407C1F69D8EB00862AA6 /* TZStackView.swift in Sources */,
				82ED407D1F69D8EB00862AA6 /* TZStackViewAlignment.swift in Sources */,
				82ED407E1F69D8EB00862AA6 /* TZStackViewDistribution.swift in Sources */,
				82ED40681F69C91D00862AA6 /* TransitionAnimations.swift in Sources */,
				82ED40601F69C91D00862AA6 /* PopupDialogButton.swift in Sources */,
				82ED40651F69C91D00862AA6 /* PopupDialogOverlayView.swift in Sources */,
				82AFAD941F53AC4B001D2E5E /* AppDelegate.swift in Sources */,
				82ED40611F69C91D00862AA6 /* PopupDialogContainerView.swift in Sources */,
				82ED405C1F69C91D00862AA6 /* FXBlurView.m in Sources */,
				82AFAD961F53AC4B001D2E5E /* MainlineViewController.swift in Sources */,
				82DEA8661F9146AC006097B7 /* ParserHelpers.swift in Sources */,
				8202D9F91F64F45E00660802 /* KMLParser.swift in Sources */,
				82ED40631F69C91D00862AA6 /* PopupDialogDefaultView.swift in Sources */,
				82DEA8631F9146AC006097B7 /* CSV.swift in Sources */,
				82ED40621F69C91D00862AA6 /* PopupDialogDefaultButtons.swift in Sources */,
				82DEA8651F9146AC006097B7 /* Parser.swift in Sources */,
				82ED406B1F69C91D00862AA6 /* UIImageView+Calculations.swift in Sources */,
				82ED40691F69C91D00862AA6 /* TransitionAnimator.swift in Sources */,
				82ED405F1F69C91D00862AA6 /* PopupDialog+Keyboard.swift in Sources */,
				82ED40671F69C91D00862AA6 /* PresentationManager.swift in Sources */,
				82ED40711F69D18900862AA6 /* StudentsViewController.swift in Sources */,
				82ED40641F69C91D00862AA6 /* PopupDialogDefaultViewController.swift in Sources */,
				82ED405E1F69C91D00862AA6 /* PopupDialog.swift in Sources */,
				82DEA8671F9146AC006097B7 /* String+Lines.swift in Sources */,
				82ED406C1F69C91D00862AA6 /* UIView+Animations.swift in Sources */,
				820299C51F93B9E100389AB1 /* AddingViewController.swift in Sources */,
				82DEA8641F9146AC006097B7 /* Description.swift in Sources */,
				82ED405D1F69C91D00862AA6 /* InteractiveTransition.swift in Sources */,
				82ED40661F69C91D00862AA6 /* PresentationController.swift in Sources */,
				82ED406D1F69C91D00862AA6 /* UIViewController+Visibility.swift in Sources */,
			);
			runOnlyForDeploymentPostprocessing = 0;
		};
		82AFADA21F53AC4B001D2E5E /* Sources */ = {
			isa = PBXSourcesBuildPhase;
			buildActionMask = 2147483647;
			files = (
				82AFADAB1F53AC4B001D2E5E /* TransiTrainerTests.swift in Sources */,
			);
			runOnlyForDeploymentPostprocessing = 0;
		};
		82AFADAD1F53AC4B001D2E5E /* Sources */ = {
			isa = PBXSourcesBuildPhase;
			buildActionMask = 2147483647;
			files = (
				82AFADB61F53AC4B001D2E5E /* TransiTrainerUITests.swift in Sources */,
			);
			runOnlyForDeploymentPostprocessing = 0;
		};
/* End PBXSourcesBuildPhase section */

/* Begin PBXTargetDependency section */
		82AFADA81F53AC4B001D2E5E /* PBXTargetDependency */ = {
			isa = PBXTargetDependency;
			target = 82AFAD8F1F53AC4B001D2E5E /* TransiTrainer */;
			targetProxy = 82AFADA71F53AC4B001D2E5E /* PBXContainerItemProxy */;
		};
		82AFADB31F53AC4B001D2E5E /* PBXTargetDependency */ = {
			isa = PBXTargetDependency;
			target = 82AFAD8F1F53AC4B001D2E5E /* TransiTrainer */;
			targetProxy = 82AFADB21F53AC4B001D2E5E /* PBXContainerItemProxy */;
		};
/* End PBXTargetDependency section */

/* Begin PBXVariantGroup section */
		82AFAD991F53AC4B001D2E5E /* Main.storyboard */ = {
			isa = PBXVariantGroup;
			children = (
				82AFAD9A1F53AC4B001D2E5E /* Base */,
			);
			name = Main.storyboard;
			sourceTree = "<group>";
		};
		82AFAD9E1F53AC4B001D2E5E /* LaunchScreen.storyboard */ = {
			isa = PBXVariantGroup;
			children = (
				82AFAD9F1F53AC4B001D2E5E /* Base */,
			);
			name = LaunchScreen.storyboard;
			sourceTree = "<group>";
		};
/* End PBXVariantGroup section */

/* Begin XCBuildConfiguration section */
		82AFADB81F53AC4B001D2E5E /* Debug */ = {
			isa = XCBuildConfiguration;
			buildSettings = {
				ALWAYS_SEARCH_USER_PATHS = NO;
				CLANG_ANALYZER_NONNULL = YES;
				CLANG_ANALYZER_NUMBER_OBJECT_CONVERSION = YES_AGGRESSIVE;
				CLANG_CXX_LANGUAGE_STANDARD = "gnu++0x";
				CLANG_CXX_LIBRARY = "libc++";
				CLANG_ENABLE_MODULES = YES;
				CLANG_ENABLE_OBJC_ARC = YES;
				CLANG_WARN_BOOL_CONVERSION = YES;
				CLANG_WARN_CONSTANT_CONVERSION = YES;
				CLANG_WARN_DIRECT_OBJC_ISA_USAGE = YES_ERROR;
				CLANG_WARN_DOCUMENTATION_COMMENTS = YES;
				CLANG_WARN_EMPTY_BODY = YES;
				CLANG_WARN_ENUM_CONVERSION = YES;
				CLANG_WARN_INFINITE_RECURSION = YES;
				CLANG_WARN_INT_CONVERSION = YES;
				CLANG_WARN_OBJC_ROOT_CLASS = YES_ERROR;
				CLANG_WARN_SUSPICIOUS_MOVE = YES;
				CLANG_WARN_UNREACHABLE_CODE = YES;
				CLANG_WARN__DUPLICATE_METHOD_MATCH = YES;
				"CODE_SIGN_IDENTITY[sdk=iphoneos*]" = "iPhone Developer";
				COPY_PHASE_STRIP = NO;
				DEBUG_INFORMATION_FORMAT = dwarf;
				ENABLE_STRICT_OBJC_MSGSEND = YES;
				ENABLE_TESTABILITY = YES;
				GCC_C_LANGUAGE_STANDARD = gnu99;
				GCC_DYNAMIC_NO_PIC = NO;
				GCC_NO_COMMON_BLOCKS = YES;
				GCC_OPTIMIZATION_LEVEL = 0;
				GCC_PREPROCESSOR_DEFINITIONS = (
					"DEBUG=1",
					"$(inherited)",
				);
				GCC_WARN_64_TO_32_BIT_CONVERSION = YES;
				GCC_WARN_ABOUT_RETURN_TYPE = YES_ERROR;
				GCC_WARN_UNDECLARED_SELECTOR = YES;
				GCC_WARN_UNINITIALIZED_AUTOS = YES_AGGRESSIVE;
				GCC_WARN_UNUSED_FUNCTION = YES;
				GCC_WARN_UNUSED_VARIABLE = YES;
				HEADER_SEARCH_PATHS = "";
				IPHONEOS_DEPLOYMENT_TARGET = 10.3;
				LIBRARY_SEARCH_PATHS = "";
				MTL_ENABLE_DEBUG_INFO = YES;
				ONLY_ACTIVE_ARCH = YES;
				SDKROOT = iphoneos;
				SWIFT_ACTIVE_COMPILATION_CONDITIONS = DEBUG;
				SWIFT_OPTIMIZATION_LEVEL = "-Onone";
				TARGETED_DEVICE_FAMILY = "1,2";
			};
			name = Debug;
		};
		82AFADB91F53AC4B001D2E5E /* Release */ = {
			isa = XCBuildConfiguration;
			buildSettings = {
				ALWAYS_SEARCH_USER_PATHS = NO;
				CLANG_ANALYZER_NONNULL = YES;
				CLANG_ANALYZER_NUMBER_OBJECT_CONVERSION = YES_AGGRESSIVE;
				CLANG_CXX_LANGUAGE_STANDARD = "gnu++0x";
				CLANG_CXX_LIBRARY = "libc++";
				CLANG_ENABLE_MODULES = YES;
				CLANG_ENABLE_OBJC_ARC = YES;
				CLANG_WARN_BOOL_CONVERSION = YES;
				CLANG_WARN_CONSTANT_CONVERSION = YES;
				CLANG_WARN_DIRECT_OBJC_ISA_USAGE = YES_ERROR;
				CLANG_WARN_DOCUMENTATION_COMMENTS = YES;
				CLANG_WARN_EMPTY_BODY = YES;
				CLANG_WARN_ENUM_CONVERSION = YES;
				CLANG_WARN_INFINITE_RECURSION = YES;
				CLANG_WARN_INT_CONVERSION = YES;
				CLANG_WARN_OBJC_ROOT_CLASS = YES_ERROR;
				CLANG_WARN_SUSPICIOUS_MOVE = YES;
				CLANG_WARN_UNREACHABLE_CODE = YES;
				CLANG_WARN__DUPLICATE_METHOD_MATCH = YES;
				"CODE_SIGN_IDENTITY[sdk=iphoneos*]" = "iPhone Developer";
				COPY_PHASE_STRIP = NO;
				DEBUG_INFORMATION_FORMAT = "dwarf-with-dsym";
				ENABLE_NS_ASSERTIONS = NO;
				ENABLE_STRICT_OBJC_MSGSEND = YES;
				GCC_C_LANGUAGE_STANDARD = gnu99;
				GCC_NO_COMMON_BLOCKS = YES;
				GCC_WARN_64_TO_32_BIT_CONVERSION = YES;
				GCC_WARN_ABOUT_RETURN_TYPE = YES_ERROR;
				GCC_WARN_UNDECLARED_SELECTOR = YES;
				GCC_WARN_UNINITIALIZED_AUTOS = YES_AGGRESSIVE;
				GCC_WARN_UNUSED_FUNCTION = YES;
				GCC_WARN_UNUSED_VARIABLE = YES;
				HEADER_SEARCH_PATHS = "";
				IPHONEOS_DEPLOYMENT_TARGET = 10.3;
				LIBRARY_SEARCH_PATHS = "";
				MTL_ENABLE_DEBUG_INFO = NO;
				SDKROOT = iphoneos;
				SWIFT_OPTIMIZATION_LEVEL = "-Owholemodule";
				TARGETED_DEVICE_FAMILY = "1,2";
				VALIDATE_PRODUCT = YES;
			};
			name = Release;
		};
		82AFADBB1F53AC4B001D2E5E /* Debug */ = {
			isa = XCBuildConfiguration;
			buildSettings = {
				ASSETCATALOG_COMPILER_APPICON_NAME = AppIcon;
				CLANG_ENABLE_MODULES = YES;
				CODE_SIGN_IDENTITY = "iPhone Developer";
				DEVELOPMENT_TEAM = 6FRY6X7ZAZ;
				FRAMEWORK_SEARCH_PATHS = "";
				HEADER_SEARCH_PATHS = "";
				INFOPLIST_FILE = TransiTrainer/Info.plist;
				LD_RUNPATH_SEARCH_PATHS = "$(inherited) @executable_path/Frameworks";
				LIBRARY_SEARCH_PATHS = "";
				OTHER_LDFLAGS = (
					"-lxml2",
					"-v",
				);
				PRODUCT_BUNDLE_IDENTIFIER = org.trimet.TransiTrainer;
				PRODUCT_NAME = "$(TARGET_NAME)";
				SWIFT_OBJC_BRIDGING_HEADER = "TransiTrainer/TransiTrainer-Bridging-Header.h";
				SWIFT_OPTIMIZATION_LEVEL = "-Onone";
				SWIFT_VERSION = 3.0;
				VALID_ARCHS = armv64;
			};
			name = Debug;
		};
		82AFADBC1F53AC4B001D2E5E /* Release */ = {
			isa = XCBuildConfiguration;
			buildSettings = {
				ASSETCATALOG_COMPILER_APPICON_NAME = AppIcon;
				CLANG_ENABLE_MODULES = YES;
				CODE_SIGN_IDENTITY = "iPhone Developer";
				DEVELOPMENT_TEAM = 6FRY6X7ZAZ;
				FRAMEWORK_SEARCH_PATHS = "";
				HEADER_SEARCH_PATHS = "";
				INFOPLIST_FILE = TransiTrainer/Info.plist;
				LD_RUNPATH_SEARCH_PATHS = "$(inherited) @executable_path/Frameworks";
				LIBRARY_SEARCH_PATHS = "";
				OTHER_LDFLAGS = (
					"-lxml2",
					"-v",
				);
				PRODUCT_BUNDLE_IDENTIFIER = org.trimet.TransiTrainer;
				PRODUCT_NAME = "$(TARGET_NAME)";
				SWIFT_OBJC_BRIDGING_HEADER = "TransiTrainer/TransiTrainer-Bridging-Header.h";
				SWIFT_VERSION = 3.0;
				VALID_ARCHS = armv64;
			};
			name = Release;
		};
		82AFADBE1F53AC4B001D2E5E /* Debug */ = {
			isa = XCBuildConfiguration;
			buildSettings = {
				ALWAYS_EMBED_SWIFT_STANDARD_LIBRARIES = YES;
				BUNDLE_LOADER = "$(TEST_HOST)";
				INFOPLIST_FILE = TransiTrainerTests/Info.plist;
				LD_RUNPATH_SEARCH_PATHS = "$(inherited) @executable_path/Frameworks @loader_path/Frameworks";
				PRODUCT_BUNDLE_IDENTIFIER = org.trimet.TransiTrainerTests;
				PRODUCT_NAME = "$(TARGET_NAME)";
				SWIFT_VERSION = 3.0;
				TEST_HOST = "$(BUILT_PRODUCTS_DIR)/TransiTrainer.app/TransiTrainer";
			};
			name = Debug;
		};
		82AFADBF1F53AC4B001D2E5E /* Release */ = {
			isa = XCBuildConfiguration;
			buildSettings = {
				ALWAYS_EMBED_SWIFT_STANDARD_LIBRARIES = YES;
				BUNDLE_LOADER = "$(TEST_HOST)";
				INFOPLIST_FILE = TransiTrainerTests/Info.plist;
				LD_RUNPATH_SEARCH_PATHS = "$(inherited) @executable_path/Frameworks @loader_path/Frameworks";
				PRODUCT_BUNDLE_IDENTIFIER = org.trimet.TransiTrainerTests;
				PRODUCT_NAME = "$(TARGET_NAME)";
				SWIFT_VERSION = 3.0;
				TEST_HOST = "$(BUILT_PRODUCTS_DIR)/TransiTrainer.app/TransiTrainer";
			};
			name = Release;
		};
		82AFADC11F53AC4B001D2E5E /* Debug */ = {
			isa = XCBuildConfiguration;
			buildSettings = {
				ALWAYS_EMBED_SWIFT_STANDARD_LIBRARIES = YES;
				INFOPLIST_FILE = TransiTrainerUITests/Info.plist;
				LD_RUNPATH_SEARCH_PATHS = "$(inherited) @executable_path/Frameworks @loader_path/Frameworks";
				PRODUCT_BUNDLE_IDENTIFIER = org.trimet.TransiTrainerUITests;
				PRODUCT_NAME = "$(TARGET_NAME)";
				SWIFT_VERSION = 3.0;
				TEST_TARGET_NAME = TransiTrainer;
			};
			name = Debug;
		};
		82AFADC21F53AC4B001D2E5E /* Release */ = {
			isa = XCBuildConfiguration;
			buildSettings = {
				ALWAYS_EMBED_SWIFT_STANDARD_LIBRARIES = YES;
				INFOPLIST_FILE = TransiTrainerUITests/Info.plist;
				LD_RUNPATH_SEARCH_PATHS = "$(inherited) @executable_path/Frameworks @loader_path/Frameworks";
				PRODUCT_BUNDLE_IDENTIFIER = org.trimet.TransiTrainerUITests;
				PRODUCT_NAME = "$(TARGET_NAME)";
				SWIFT_VERSION = 3.0;
				TEST_TARGET_NAME = TransiTrainer;
			};
			name = Release;
		};
/* End XCBuildConfiguration section */

/* Begin XCConfigurationList section */
		82AFAD8B1F53AC4B001D2E5E /* Build configuration list for PBXProject "TransiTrainer" */ = {
			isa = XCConfigurationList;
			buildConfigurations = (
				82AFADB81F53AC4B001D2E5E /* Debug */,
				82AFADB91F53AC4B001D2E5E /* Release */,
			);
			defaultConfigurationIsVisible = 0;
			defaultConfigurationName = Release;
		};
		82AFADBA1F53AC4B001D2E5E /* Build configuration list for PBXNativeTarget "TransiTrainer" */ = {
			isa = XCConfigurationList;
			buildConfigurations = (
				82AFADBB1F53AC4B001D2E5E /* Debug */,
				82AFADBC1F53AC4B001D2E5E /* Release */,
			);
			defaultConfigurationIsVisible = 0;
			defaultConfigurationName = Release;
		};
		82AFADBD1F53AC4B001D2E5E /* Build configuration list for PBXNativeTarget "TransiTrainerTests" */ = {
			isa = XCConfigurationList;
			buildConfigurations = (
				82AFADBE1F53AC4B001D2E5E /* Debug */,
				82AFADBF1F53AC4B001D2E5E /* Release */,
			);
			defaultConfigurationIsVisible = 0;
			defaultConfigurationName = Release;
		};
		82AFADC01F53AC4B001D2E5E /* Build configuration list for PBXNativeTarget "TransiTrainerUITests" */ = {
			isa = XCConfigurationList;
			buildConfigurations = (
				82AFADC11F53AC4B001D2E5E /* Debug */,
				82AFADC21F53AC4B001D2E5E /* Release */,
			);
			defaultConfigurationIsVisible = 0;
			defaultConfigurationName = Release;
		};
/* End XCConfigurationList section */
	};
	rootObject = 82AFAD881F53AC4B001D2E5E /* Project object */;
}
