// !$*UTF8*$!
{
	archiveVersion = 1;
	classes = {
	};
	objectVersion = 46;
	objects = {

/* Begin PBXBuildFile section */
		820DD1521F633AA9005B6EFA /* CoreLocation.framework in Frameworks */ = {isa = PBXBuildFile; fileRef = 820DD1511F633AA9005B6EFA /* CoreLocation.framework */; };
		824518961F646D0000A7F2DA /* tm_rail_stops.kml in Resources */ = {isa = PBXBuildFile; fileRef = 824518951F646D0000A7F2DA /* tm_rail_stops.kml */; };
		824518CF1F64797800A7F2DA /* SimpleKML_UIImage.m in Sources */ = {isa = PBXBuildFile; fileRef = 824518981F64797700A7F2DA /* SimpleKML_UIImage.m */; };
		824518D01F64797800A7F2DA /* SimpleKML.m in Sources */ = {isa = PBXBuildFile; fileRef = 8245189A1F64797800A7F2DA /* SimpleKML.m */; };
		824518D11F64797800A7F2DA /* SimpleKMLBalloonStyle.m in Sources */ = {isa = PBXBuildFile; fileRef = 8245189C1F64797800A7F2DA /* SimpleKMLBalloonStyle.m */; };
		824518D21F64797800A7F2DA /* SimpleKMLColorStyle.m in Sources */ = {isa = PBXBuildFile; fileRef = 8245189E1F64797800A7F2DA /* SimpleKMLColorStyle.m */; };
		824518D31F64797800A7F2DA /* SimpleKMLContainer.m in Sources */ = {isa = PBXBuildFile; fileRef = 824518A01F64797800A7F2DA /* SimpleKMLContainer.m */; };
		824518D41F64797800A7F2DA /* SimpleKMLData.m in Sources */ = {isa = PBXBuildFile; fileRef = 824518A21F64797800A7F2DA /* SimpleKMLData.m */; };
		824518D51F64797800A7F2DA /* SimpleKMLDocument.m in Sources */ = {isa = PBXBuildFile; fileRef = 824518A41F64797800A7F2DA /* SimpleKMLDocument.m */; };
		824518D61F64797800A7F2DA /* SimpleKMLExtendedData.m in Sources */ = {isa = PBXBuildFile; fileRef = 824518A61F64797800A7F2DA /* SimpleKMLExtendedData.m */; };
		824518D71F64797800A7F2DA /* SimpleKMLFeature.m in Sources */ = {isa = PBXBuildFile; fileRef = 824518A81F64797800A7F2DA /* SimpleKMLFeature.m */; };
		824518D81F64797800A7F2DA /* SimpleKMLFolder.m in Sources */ = {isa = PBXBuildFile; fileRef = 824518AA1F64797800A7F2DA /* SimpleKMLFolder.m */; };
		824518D91F64797800A7F2DA /* SimpleKMLGeometry.m in Sources */ = {isa = PBXBuildFile; fileRef = 824518AC1F64797800A7F2DA /* SimpleKMLGeometry.m */; };
		824518DA1F64797800A7F2DA /* SimpleKMLGroundOverlay.m in Sources */ = {isa = PBXBuildFile; fileRef = 824518AE1F64797800A7F2DA /* SimpleKMLGroundOverlay.m */; };
		824518DB1F64797800A7F2DA /* SimpleKMLIconStyle.m in Sources */ = {isa = PBXBuildFile; fileRef = 824518B01F64797800A7F2DA /* SimpleKMLIconStyle.m */; };
		824518DC1F64797800A7F2DA /* SimpleKMLLinearRing.m in Sources */ = {isa = PBXBuildFile; fileRef = 824518B21F64797800A7F2DA /* SimpleKMLLinearRing.m */; };
		824518DD1F64797800A7F2DA /* SimpleKMLLineString.m in Sources */ = {isa = PBXBuildFile; fileRef = 824518B41F64797800A7F2DA /* SimpleKMLLineString.m */; };
		824518DE1F64797800A7F2DA /* SimpleKMLLineStyle.m in Sources */ = {isa = PBXBuildFile; fileRef = 824518B61F64797800A7F2DA /* SimpleKMLLineStyle.m */; };
		824518DF1F64797800A7F2DA /* SimpleKMLMultiGeometry.m in Sources */ = {isa = PBXBuildFile; fileRef = 824518B81F64797800A7F2DA /* SimpleKMLMultiGeometry.m */; };
		824518E01F64797800A7F2DA /* SimpleKMLObject.m in Sources */ = {isa = PBXBuildFile; fileRef = 824518BA1F64797800A7F2DA /* SimpleKMLObject.m */; };
		824518E11F64797800A7F2DA /* SimpleKMLOverlay.m in Sources */ = {isa = PBXBuildFile; fileRef = 824518BC1F64797800A7F2DA /* SimpleKMLOverlay.m */; };
		824518E21F64797800A7F2DA /* SimpleKMLPlacemark.m in Sources */ = {isa = PBXBuildFile; fileRef = 824518BE1F64797800A7F2DA /* SimpleKMLPlacemark.m */; };
		824518E31F64797800A7F2DA /* SimpleKMLPoint.m in Sources */ = {isa = PBXBuildFile; fileRef = 824518C01F64797800A7F2DA /* SimpleKMLPoint.m */; };
		824518E41F64797800A7F2DA /* SimpleKMLPolygon.m in Sources */ = {isa = PBXBuildFile; fileRef = 824518C21F64797800A7F2DA /* SimpleKMLPolygon.m */; };
		824518E51F64797800A7F2DA /* SimpleKMLPolyStyle.m in Sources */ = {isa = PBXBuildFile; fileRef = 824518C41F64797800A7F2DA /* SimpleKMLPolyStyle.m */; };
		824518E61F64797800A7F2DA /* SimpleKMLSchemaData.m in Sources */ = {isa = PBXBuildFile; fileRef = 824518C61F64797800A7F2DA /* SimpleKMLSchemaData.m */; };
		824518E71F64797800A7F2DA /* SimpleKMLStyle.m in Sources */ = {isa = PBXBuildFile; fileRef = 824518C81F64797800A7F2DA /* SimpleKMLStyle.m */; };
		824518E81F64797800A7F2DA /* SimpleKMLStyleSelector.m in Sources */ = {isa = PBXBuildFile; fileRef = 824518CA1F64797800A7F2DA /* SimpleKMLStyleSelector.m */; };
		824518E91F64797800A7F2DA /* SimpleKMLSubData.m in Sources */ = {isa = PBXBuildFile; fileRef = 824518CC1F64797800A7F2DA /* SimpleKMLSubData.m */; };
		82AFAD941F53AC4B001D2E5E /* AppDelegate.swift in Sources */ = {isa = PBXBuildFile; fileRef = 82AFAD931F53AC4B001D2E5E /* AppDelegate.swift */; };
		82AFAD961F53AC4B001D2E5E /* FirstViewController.swift in Sources */ = {isa = PBXBuildFile; fileRef = 82AFAD951F53AC4B001D2E5E /* FirstViewController.swift */; };
		82AFAD981F53AC4B001D2E5E /* SecondViewController.swift in Sources */ = {isa = PBXBuildFile; fileRef = 82AFAD971F53AC4B001D2E5E /* SecondViewController.swift */; };
		82AFAD9B1F53AC4B001D2E5E /* Main.storyboard in Resources */ = {isa = PBXBuildFile; fileRef = 82AFAD991F53AC4B001D2E5E /* Main.storyboard */; };
		82AFAD9D1F53AC4B001D2E5E /* Assets.xcassets in Resources */ = {isa = PBXBuildFile; fileRef = 82AFAD9C1F53AC4B001D2E5E /* Assets.xcassets */; };
		82AFADA01F53AC4B001D2E5E /* LaunchScreen.storyboard in Resources */ = {isa = PBXBuildFile; fileRef = 82AFAD9E1F53AC4B001D2E5E /* LaunchScreen.storyboard */; };
		82AFADAB1F53AC4B001D2E5E /* TransiTrainerTests.swift in Sources */ = {isa = PBXBuildFile; fileRef = 82AFADAA1F53AC4B001D2E5E /* TransiTrainerTests.swift */; };
		82AFADB61F53AC4B001D2E5E /* TransiTrainerUITests.swift in Sources */ = {isa = PBXBuildFile; fileRef = 82AFADB51F53AC4B001D2E5E /* TransiTrainerUITests.swift */; };
		82C7CFB61F635CC200580464 /* Creation in Sources */ = {isa = PBXBuildFile; fileRef = 82C7CF9D1F635CC200580464 /* Creation */; };
		82C7CFB71F635CC200580464 /* CXHTMLDocument.h in Sources */ = {isa = PBXBuildFile; fileRef = 82C7CF9E1F635CC200580464 /* CXHTMLDocument.h */; };
		82C7CFB81F635CC200580464 /* CXHTMLDocument.m in Sources */ = {isa = PBXBuildFile; fileRef = 82C7CF9F1F635CC200580464 /* CXHTMLDocument.m */; };
		82C7CFB91F635CC200580464 /* CXMLDocument_PrivateExtensions.h in Sources */ = {isa = PBXBuildFile; fileRef = 82C7CFA01F635CC200580464 /* CXMLDocument_PrivateExtensions.h */; };
		82C7CFBA1F635CC200580464 /* CXMLDocument_PrivateExtensions.m in Sources */ = {isa = PBXBuildFile; fileRef = 82C7CFA11F635CC200580464 /* CXMLDocument_PrivateExtensions.m */; };
		82C7CFBB1F635CC200580464 /* CXMLDocument.h in Sources */ = {isa = PBXBuildFile; fileRef = 82C7CFA21F635CC200580464 /* CXMLDocument.h */; };
		82C7CFBC1F635CC200580464 /* CXMLDocument.m in Sources */ = {isa = PBXBuildFile; fileRef = 82C7CFA31F635CC200580464 /* CXMLDocument.m */; };
		82C7CFBD1F635CC200580464 /* CXMLElement_CreationExtensions.h in Sources */ = {isa = PBXBuildFile; fileRef = 82C7CFA41F635CC200580464 /* CXMLElement_CreationExtensions.h */; };
		82C7CFBE1F635CC200580464 /* CXMLElement_CreationExtensions.m in Sources */ = {isa = PBXBuildFile; fileRef = 82C7CFA51F635CC200580464 /* CXMLElement_CreationExtensions.m */; };
		82C7CFBF1F635CC200580464 /* CXMLElement_ElementTreeExtensions.h in Sources */ = {isa = PBXBuildFile; fileRef = 82C7CFA61F635CC200580464 /* CXMLElement_ElementTreeExtensions.h */; };
		82C7CFC01F635CC200580464 /* CXMLElement_ElementTreeExtensions.m in Sources */ = {isa = PBXBuildFile; fileRef = 82C7CFA71F635CC200580464 /* CXMLElement_ElementTreeExtensions.m */; };
		82C7CFC11F635CC200580464 /* CXMLElement.h in Sources */ = {isa = PBXBuildFile; fileRef = 82C7CFA81F635CC200580464 /* CXMLElement.h */; };
		82C7CFC21F635CC200580464 /* CXMLElement.m in Sources */ = {isa = PBXBuildFile; fileRef = 82C7CFA91F635CC200580464 /* CXMLElement.m */; };
		82C7CFC31F635CC200580464 /* CXMLNamespaceNode.h in Sources */ = {isa = PBXBuildFile; fileRef = 82C7CFAA1F635CC200580464 /* CXMLNamespaceNode.h */; };
		82C7CFC41F635CC200580464 /* CXMLNamespaceNode.m in Sources */ = {isa = PBXBuildFile; fileRef = 82C7CFAB1F635CC200580464 /* CXMLNamespaceNode.m */; };
		82C7CFC51F635CC200580464 /* CXMLNode_PrivateExtensions.h in Sources */ = {isa = PBXBuildFile; fileRef = 82C7CFAC1F635CC200580464 /* CXMLNode_PrivateExtensions.h */; };
		82C7CFC61F635CC200580464 /* CXMLNode_PrivateExtensions.m in Sources */ = {isa = PBXBuildFile; fileRef = 82C7CFAD1F635CC200580464 /* CXMLNode_PrivateExtensions.m */; };
		82C7CFC71F635CC200580464 /* CXMLNode_XPathExtensions.h in Sources */ = {isa = PBXBuildFile; fileRef = 82C7CFAE1F635CC200580464 /* CXMLNode_XPathExtensions.h */; };
		82C7CFC81F635CC200580464 /* CXMLNode_XPathExtensions.m in Sources */ = {isa = PBXBuildFile; fileRef = 82C7CFAF1F635CC200580464 /* CXMLNode_XPathExtensions.m */; };
		82C7CFC91F635CC200580464 /* CXMLNode.h in Sources */ = {isa = PBXBuildFile; fileRef = 82C7CFB01F635CC200580464 /* CXMLNode.h */; };
		82C7CFCA1F635CC200580464 /* CXMLNode.m in Sources */ = {isa = PBXBuildFile; fileRef = 82C7CFB11F635CC200580464 /* CXMLNode.m */; };
		82C7CFCB1F635CC200580464 /* CXMLUnsupportedNode.h in Sources */ = {isa = PBXBuildFile; fileRef = 82C7CFB21F635CC200580464 /* CXMLUnsupportedNode.h */; };
		82C7CFCC1F635CC200580464 /* CXMLUnsupportedNode.m in Sources */ = {isa = PBXBuildFile; fileRef = 82C7CFB31F635CC200580464 /* CXMLUnsupportedNode.m */; };
		82C7CFCD1F635CC200580464 /* Tidy in Sources */ = {isa = PBXBuildFile; fileRef = 82C7CFB41F635CC200580464 /* Tidy */; };
		82C7CFCE1F635CC200580464 /* TouchXML.h in Sources */ = {isa = PBXBuildFile; fileRef = 82C7CFB51F635CC200580464 /* TouchXML.h */; };
		82C7CFD91F635D5C00580464 /* FileInZipInfo.h in Sources */ = {isa = PBXBuildFile; fileRef = 82C7CFCF1F635D5C00580464 /* FileInZipInfo.h */; };
		82C7CFDA1F635D5C00580464 /* FileInZipInfo.m in Sources */ = {isa = PBXBuildFile; fileRef = 82C7CFD01F635D5C00580464 /* FileInZipInfo.m */; };
		82C7CFDB1F635D5C00580464 /* ZipException.h in Sources */ = {isa = PBXBuildFile; fileRef = 82C7CFD11F635D5C00580464 /* ZipException.h */; };
		82C7CFDC1F635D5C00580464 /* ZipException.m in Sources */ = {isa = PBXBuildFile; fileRef = 82C7CFD21F635D5C00580464 /* ZipException.m */; };
		82C7CFDD1F635D5C00580464 /* ZipFile.h in Sources */ = {isa = PBXBuildFile; fileRef = 82C7CFD31F635D5C00580464 /* ZipFile.h */; };
		82C7CFDE1F635D5C00580464 /* ZipFile.m in Sources */ = {isa = PBXBuildFile; fileRef = 82C7CFD41F635D5C00580464 /* ZipFile.m */; };
		82C7CFDF1F635D5C00580464 /* ZipReadStream.h in Sources */ = {isa = PBXBuildFile; fileRef = 82C7CFD51F635D5C00580464 /* ZipReadStream.h */; };
		82C7CFE01F635D5C00580464 /* ZipReadStream.m in Sources */ = {isa = PBXBuildFile; fileRef = 82C7CFD61F635D5C00580464 /* ZipReadStream.m */; };
		82C7CFE11F635D5C00580464 /* ZipWriteStream.h in Sources */ = {isa = PBXBuildFile; fileRef = 82C7CFD71F635D5C00580464 /* ZipWriteStream.h */; };
		82C7CFE21F635D5C00580464 /* ZipWriteStream.m in Sources */ = {isa = PBXBuildFile; fileRef = 82C7CFD81F635D5C00580464 /* ZipWriteStream.m */; };
		82C7CFEB1F63636400580464 /* ioapi.c in Sources */ = {isa = PBXBuildFile; fileRef = 82C7CFE31F63636400580464 /* ioapi.c */; };
		82C7CFEC1F63636400580464 /* ioapi.h in Sources */ = {isa = PBXBuildFile; fileRef = 82C7CFE41F63636400580464 /* ioapi.h */; };
		82C7CFED1F63636400580464 /* mztools.c in Sources */ = {isa = PBXBuildFile; fileRef = 82C7CFE51F63636400580464 /* mztools.c */; };
		82C7CFEE1F63636400580464 /* mztools.h in Sources */ = {isa = PBXBuildFile; fileRef = 82C7CFE61F63636400580464 /* mztools.h */; };
		82C7CFEF1F63636400580464 /* unzip.c in Sources */ = {isa = PBXBuildFile; fileRef = 82C7CFE71F63636400580464 /* unzip.c */; };
		82C7CFF01F63636400580464 /* unzip.h in Sources */ = {isa = PBXBuildFile; fileRef = 82C7CFE81F63636400580464 /* unzip.h */; };
		82C7CFF11F63636400580464 /* zip.c in Sources */ = {isa = PBXBuildFile; fileRef = 82C7CFE91F63636400580464 /* zip.c */; };
		82C7CFF21F63636400580464 /* zip.h in Sources */ = {isa = PBXBuildFile; fileRef = 82C7CFEA1F63636400580464 /* zip.h */; };
		82C7CFF41F63639F00580464 /* libz.tbd in Frameworks */ = {isa = PBXBuildFile; fileRef = 82C7CFF31F63639F00580464 /* libz.tbd */; };
/* End PBXBuildFile section */

/* Begin PBXContainerItemProxy section */
		82AFADA71F53AC4B001D2E5E /* PBXContainerItemProxy */ = {
			isa = PBXContainerItemProxy;
			containerPortal = 82AFAD881F53AC4B001D2E5E /* Project object */;
			proxyType = 1;
			remoteGlobalIDString = 82AFAD8F1F53AC4B001D2E5E;
			remoteInfo = TransiTrainer;
		};
		82AFADB21F53AC4B001D2E5E /* PBXContainerItemProxy */ = {
			isa = PBXContainerItemProxy;
			containerPortal = 82AFAD881F53AC4B001D2E5E /* Project object */;
			proxyType = 1;
			remoteGlobalIDString = 82AFAD8F1F53AC4B001D2E5E;
			remoteInfo = TransiTrainer;
		};
/* End PBXContainerItemProxy section */

/* Begin PBXFileReference section */
		820DD1511F633AA9005B6EFA /* CoreLocation.framework */ = {isa = PBXFileReference; lastKnownFileType = wrapper.framework; name = CoreLocation.framework; path = System/Library/Frameworks/CoreLocation.framework; sourceTree = SDKROOT; };
		820DD2521F634567005B6EFA /* libSimple-KML.h */ = {isa = PBXFileReference; lastKnownFileType = sourcecode.c.h; path = "libSimple-KML.h"; sourceTree = "<group>"; };
		824518951F646D0000A7F2DA /* tm_rail_stops.kml */ = {isa = PBXFileReference; fileEncoding = 4; lastKnownFileType = text.xml; path = tm_rail_stops.kml; sourceTree = "<group>"; };
		824518971F64797700A7F2DA /* SimpleKML_UIImage.h */ = {isa = PBXFileReference; fileEncoding = 4; lastKnownFileType = sourcecode.c.h; name = SimpleKML_UIImage.h; path = "Simple-KML/source/SimpleKML_UIImage.h"; sourceTree = "<group>"; };
		824518981F64797700A7F2DA /* SimpleKML_UIImage.m */ = {isa = PBXFileReference; fileEncoding = 4; lastKnownFileType = sourcecode.c.objc; name = SimpleKML_UIImage.m; path = "Simple-KML/source/SimpleKML_UIImage.m"; sourceTree = "<group>"; };
		824518991F64797700A7F2DA /* SimpleKML.h */ = {isa = PBXFileReference; fileEncoding = 4; lastKnownFileType = sourcecode.c.h; name = SimpleKML.h; path = "Simple-KML/source/SimpleKML.h"; sourceTree = "<group>"; };
		8245189A1F64797800A7F2DA /* SimpleKML.m */ = {isa = PBXFileReference; fileEncoding = 4; lastKnownFileType = sourcecode.c.objc; name = SimpleKML.m; path = "Simple-KML/source/SimpleKML.m"; sourceTree = "<group>"; };
		8245189B1F64797800A7F2DA /* SimpleKMLBalloonStyle.h */ = {isa = PBXFileReference; fileEncoding = 4; lastKnownFileType = sourcecode.c.h; name = SimpleKMLBalloonStyle.h; path = "Simple-KML/source/SimpleKMLBalloonStyle.h"; sourceTree = "<group>"; };
		8245189C1F64797800A7F2DA /* SimpleKMLBalloonStyle.m */ = {isa = PBXFileReference; fileEncoding = 4; lastKnownFileType = sourcecode.c.objc; name = SimpleKMLBalloonStyle.m; path = "Simple-KML/source/SimpleKMLBalloonStyle.m"; sourceTree = "<group>"; };
		8245189D1F64797800A7F2DA /* SimpleKMLColorStyle.h */ = {isa = PBXFileReference; fileEncoding = 4; lastKnownFileType = sourcecode.c.h; name = SimpleKMLColorStyle.h; path = "Simple-KML/source/SimpleKMLColorStyle.h"; sourceTree = "<group>"; };
		8245189E1F64797800A7F2DA /* SimpleKMLColorStyle.m */ = {isa = PBXFileReference; fileEncoding = 4; lastKnownFileType = sourcecode.c.objc; name = SimpleKMLColorStyle.m; path = "Simple-KML/source/SimpleKMLColorStyle.m"; sourceTree = "<group>"; };
		8245189F1F64797800A7F2DA /* SimpleKMLContainer.h */ = {isa = PBXFileReference; fileEncoding = 4; lastKnownFileType = sourcecode.c.h; name = SimpleKMLContainer.h; path = "Simple-KML/source/SimpleKMLContainer.h"; sourceTree = "<group>"; };
		824518A01F64797800A7F2DA /* SimpleKMLContainer.m */ = {isa = PBXFileReference; fileEncoding = 4; lastKnownFileType = sourcecode.c.objc; name = SimpleKMLContainer.m; path = "Simple-KML/source/SimpleKMLContainer.m"; sourceTree = "<group>"; };
		824518A11F64797800A7F2DA /* SimpleKMLData.h */ = {isa = PBXFileReference; fileEncoding = 4; lastKnownFileType = sourcecode.c.h; name = SimpleKMLData.h; path = "Simple-KML/source/SimpleKMLData.h"; sourceTree = "<group>"; };
		824518A21F64797800A7F2DA /* SimpleKMLData.m */ = {isa = PBXFileReference; fileEncoding = 4; lastKnownFileType = sourcecode.c.objc; name = SimpleKMLData.m; path = "Simple-KML/source/SimpleKMLData.m"; sourceTree = "<group>"; };
		824518A31F64797800A7F2DA /* SimpleKMLDocument.h */ = {isa = PBXFileReference; fileEncoding = 4; lastKnownFileType = sourcecode.c.h; name = SimpleKMLDocument.h; path = "Simple-KML/source/SimpleKMLDocument.h"; sourceTree = "<group>"; };
		824518A41F64797800A7F2DA /* SimpleKMLDocument.m */ = {isa = PBXFileReference; fileEncoding = 4; lastKnownFileType = sourcecode.c.objc; name = SimpleKMLDocument.m; path = "Simple-KML/source/SimpleKMLDocument.m"; sourceTree = "<group>"; };
		824518A51F64797800A7F2DA /* SimpleKMLExtendedData.h */ = {isa = PBXFileReference; fileEncoding = 4; lastKnownFileType = sourcecode.c.h; name = SimpleKMLExtendedData.h; path = "Simple-KML/source/SimpleKMLExtendedData.h"; sourceTree = "<group>"; };
		824518A61F64797800A7F2DA /* SimpleKMLExtendedData.m */ = {isa = PBXFileReference; fileEncoding = 4; lastKnownFileType = sourcecode.c.objc; name = SimpleKMLExtendedData.m; path = "Simple-KML/source/SimpleKMLExtendedData.m"; sourceTree = "<group>"; };
		824518A71F64797800A7F2DA /* SimpleKMLFeature.h */ = {isa = PBXFileReference; fileEncoding = 4; lastKnownFileType = sourcecode.c.h; name = SimpleKMLFeature.h; path = "Simple-KML/source/SimpleKMLFeature.h"; sourceTree = "<group>"; };
		824518A81F64797800A7F2DA /* SimpleKMLFeature.m */ = {isa = PBXFileReference; fileEncoding = 4; lastKnownFileType = sourcecode.c.objc; name = SimpleKMLFeature.m; path = "Simple-KML/source/SimpleKMLFeature.m"; sourceTree = "<group>"; };
		824518A91F64797800A7F2DA /* SimpleKMLFolder.h */ = {isa = PBXFileReference; fileEncoding = 4; lastKnownFileType = sourcecode.c.h; name = SimpleKMLFolder.h; path = "Simple-KML/source/SimpleKMLFolder.h"; sourceTree = "<group>"; };
		824518AA1F64797800A7F2DA /* SimpleKMLFolder.m */ = {isa = PBXFileReference; fileEncoding = 4; lastKnownFileType = sourcecode.c.objc; name = SimpleKMLFolder.m; path = "Simple-KML/source/SimpleKMLFolder.m"; sourceTree = "<group>"; };
		824518AB1F64797800A7F2DA /* SimpleKMLGeometry.h */ = {isa = PBXFileReference; fileEncoding = 4; lastKnownFileType = sourcecode.c.h; name = SimpleKMLGeometry.h; path = "Simple-KML/source/SimpleKMLGeometry.h"; sourceTree = "<group>"; };
		824518AC1F64797800A7F2DA /* SimpleKMLGeometry.m */ = {isa = PBXFileReference; fileEncoding = 4; lastKnownFileType = sourcecode.c.objc; name = SimpleKMLGeometry.m; path = "Simple-KML/source/SimpleKMLGeometry.m"; sourceTree = "<group>"; };
		824518AD1F64797800A7F2DA /* SimpleKMLGroundOverlay.h */ = {isa = PBXFileReference; fileEncoding = 4; lastKnownFileType = sourcecode.c.h; name = SimpleKMLGroundOverlay.h; path = "Simple-KML/source/SimpleKMLGroundOverlay.h"; sourceTree = "<group>"; };
		824518AE1F64797800A7F2DA /* SimpleKMLGroundOverlay.m */ = {isa = PBXFileReference; fileEncoding = 4; lastKnownFileType = sourcecode.c.objc; name = SimpleKMLGroundOverlay.m; path = "Simple-KML/source/SimpleKMLGroundOverlay.m"; sourceTree = "<group>"; };
		824518AF1F64797800A7F2DA /* SimpleKMLIconStyle.h */ = {isa = PBXFileReference; fileEncoding = 4; lastKnownFileType = sourcecode.c.h; name = SimpleKMLIconStyle.h; path = "Simple-KML/source/SimpleKMLIconStyle.h"; sourceTree = "<group>"; };
		824518B01F64797800A7F2DA /* SimpleKMLIconStyle.m */ = {isa = PBXFileReference; fileEncoding = 4; lastKnownFileType = sourcecode.c.objc; name = SimpleKMLIconStyle.m; path = "Simple-KML/source/SimpleKMLIconStyle.m"; sourceTree = "<group>"; };
		824518B11F64797800A7F2DA /* SimpleKMLLinearRing.h */ = {isa = PBXFileReference; fileEncoding = 4; lastKnownFileType = sourcecode.c.h; name = SimpleKMLLinearRing.h; path = "Simple-KML/source/SimpleKMLLinearRing.h"; sourceTree = "<group>"; };
		824518B21F64797800A7F2DA /* SimpleKMLLinearRing.m */ = {isa = PBXFileReference; fileEncoding = 4; lastKnownFileType = sourcecode.c.objc; name = SimpleKMLLinearRing.m; path = "Simple-KML/source/SimpleKMLLinearRing.m"; sourceTree = "<group>"; };
		824518B31F64797800A7F2DA /* SimpleKMLLineString.h */ = {isa = PBXFileReference; fileEncoding = 4; lastKnownFileType = sourcecode.c.h; name = SimpleKMLLineString.h; path = "Simple-KML/source/SimpleKMLLineString.h"; sourceTree = "<group>"; };
		824518B41F64797800A7F2DA /* SimpleKMLLineString.m */ = {isa = PBXFileReference; fileEncoding = 4; lastKnownFileType = sourcecode.c.objc; name = SimpleKMLLineString.m; path = "Simple-KML/source/SimpleKMLLineString.m"; sourceTree = "<group>"; };
		824518B51F64797800A7F2DA /* SimpleKMLLineStyle.h */ = {isa = PBXFileReference; fileEncoding = 4; lastKnownFileType = sourcecode.c.h; name = SimpleKMLLineStyle.h; path = "Simple-KML/source/SimpleKMLLineStyle.h"; sourceTree = "<group>"; };
		824518B61F64797800A7F2DA /* SimpleKMLLineStyle.m */ = {isa = PBXFileReference; fileEncoding = 4; lastKnownFileType = sourcecode.c.objc; name = SimpleKMLLineStyle.m; path = "Simple-KML/source/SimpleKMLLineStyle.m"; sourceTree = "<group>"; };
		824518B71F64797800A7F2DA /* SimpleKMLMultiGeometry.h */ = {isa = PBXFileReference; fileEncoding = 4; lastKnownFileType = sourcecode.c.h; name = SimpleKMLMultiGeometry.h; path = "Simple-KML/source/SimpleKMLMultiGeometry.h"; sourceTree = "<group>"; };
		824518B81F64797800A7F2DA /* SimpleKMLMultiGeometry.m */ = {isa = PBXFileReference; fileEncoding = 4; lastKnownFileType = sourcecode.c.objc; name = SimpleKMLMultiGeometry.m; path = "Simple-KML/source/SimpleKMLMultiGeometry.m"; sourceTree = "<group>"; };
		824518B91F64797800A7F2DA /* SimpleKMLObject.h */ = {isa = PBXFileReference; fileEncoding = 4; lastKnownFileType = sourcecode.c.h; name = SimpleKMLObject.h; path = "Simple-KML/source/SimpleKMLObject.h"; sourceTree = "<group>"; };
		824518BA1F64797800A7F2DA /* SimpleKMLObject.m */ = {isa = PBXFileReference; fileEncoding = 4; lastKnownFileType = sourcecode.c.objc; name = SimpleKMLObject.m; path = "Simple-KML/source/SimpleKMLObject.m"; sourceTree = "<group>"; };
		824518BB1F64797800A7F2DA /* SimpleKMLOverlay.h */ = {isa = PBXFileReference; fileEncoding = 4; lastKnownFileType = sourcecode.c.h; name = SimpleKMLOverlay.h; path = "Simple-KML/source/SimpleKMLOverlay.h"; sourceTree = "<group>"; };
		824518BC1F64797800A7F2DA /* SimpleKMLOverlay.m */ = {isa = PBXFileReference; fileEncoding = 4; lastKnownFileType = sourcecode.c.objc; name = SimpleKMLOverlay.m; path = "Simple-KML/source/SimpleKMLOverlay.m"; sourceTree = "<group>"; };
		824518BD1F64797800A7F2DA /* SimpleKMLPlacemark.h */ = {isa = PBXFileReference; fileEncoding = 4; lastKnownFileType = sourcecode.c.h; name = SimpleKMLPlacemark.h; path = "Simple-KML/source/SimpleKMLPlacemark.h"; sourceTree = "<group>"; };
		824518BE1F64797800A7F2DA /* SimpleKMLPlacemark.m */ = {isa = PBXFileReference; fileEncoding = 4; lastKnownFileType = sourcecode.c.objc; name = SimpleKMLPlacemark.m; path = "Simple-KML/source/SimpleKMLPlacemark.m"; sourceTree = "<group>"; };
		824518BF1F64797800A7F2DA /* SimpleKMLPoint.h */ = {isa = PBXFileReference; fileEncoding = 4; lastKnownFileType = sourcecode.c.h; name = SimpleKMLPoint.h; path = "Simple-KML/source/SimpleKMLPoint.h"; sourceTree = "<group>"; };
		824518C01F64797800A7F2DA /* SimpleKMLPoint.m */ = {isa = PBXFileReference; fileEncoding = 4; lastKnownFileType = sourcecode.c.objc; name = SimpleKMLPoint.m; path = "Simple-KML/source/SimpleKMLPoint.m"; sourceTree = "<group>"; };
		824518C11F64797800A7F2DA /* SimpleKMLPolygon.h */ = {isa = PBXFileReference; fileEncoding = 4; lastKnownFileType = sourcecode.c.h; name = SimpleKMLPolygon.h; path = "Simple-KML/source/SimpleKMLPolygon.h"; sourceTree = "<group>"; };
		824518C21F64797800A7F2DA /* SimpleKMLPolygon.m */ = {isa = PBXFileReference; fileEncoding = 4; lastKnownFileType = sourcecode.c.objc; name = SimpleKMLPolygon.m; path = "Simple-KML/source/SimpleKMLPolygon.m"; sourceTree = "<group>"; };
		824518C31F64797800A7F2DA /* SimpleKMLPolyStyle.h */ = {isa = PBXFileReference; fileEncoding = 4; lastKnownFileType = sourcecode.c.h; name = SimpleKMLPolyStyle.h; path = "Simple-KML/source/SimpleKMLPolyStyle.h"; sourceTree = "<group>"; };
		824518C41F64797800A7F2DA /* SimpleKMLPolyStyle.m */ = {isa = PBXFileReference; fileEncoding = 4; lastKnownFileType = sourcecode.c.objc; name = SimpleKMLPolyStyle.m; path = "Simple-KML/source/SimpleKMLPolyStyle.m"; sourceTree = "<group>"; };
		824518C51F64797800A7F2DA /* SimpleKMLSchemaData.h */ = {isa = PBXFileReference; fileEncoding = 4; lastKnownFileType = sourcecode.c.h; name = SimpleKMLSchemaData.h; path = "Simple-KML/source/SimpleKMLSchemaData.h"; sourceTree = "<group>"; };
		824518C61F64797800A7F2DA /* SimpleKMLSchemaData.m */ = {isa = PBXFileReference; fileEncoding = 4; lastKnownFileType = sourcecode.c.objc; name = SimpleKMLSchemaData.m; path = "Simple-KML/source/SimpleKMLSchemaData.m"; sourceTree = "<group>"; };
		824518C71F64797800A7F2DA /* SimpleKMLStyle.h */ = {isa = PBXFileReference; fileEncoding = 4; lastKnownFileType = sourcecode.c.h; name = SimpleKMLStyle.h; path = "Simple-KML/source/SimpleKMLStyle.h"; sourceTree = "<group>"; };
		824518C81F64797800A7F2DA /* SimpleKMLStyle.m */ = {isa = PBXFileReference; fileEncoding = 4; lastKnownFileType = sourcecode.c.objc; name = SimpleKMLStyle.m; path = "Simple-KML/source/SimpleKMLStyle.m"; sourceTree = "<group>"; };
		824518C91F64797800A7F2DA /* SimpleKMLStyleSelector.h */ = {isa = PBXFileReference; fileEncoding = 4; lastKnownFileType = sourcecode.c.h; name = SimpleKMLStyleSelector.h; path = "Simple-KML/source/SimpleKMLStyleSelector.h"; sourceTree = "<group>"; };
		824518CA1F64797800A7F2DA /* SimpleKMLStyleSelector.m */ = {isa = PBXFileReference; fileEncoding = 4; lastKnownFileType = sourcecode.c.objc; name = SimpleKMLStyleSelector.m; path = "Simple-KML/source/SimpleKMLStyleSelector.m"; sourceTree = "<group>"; };
		824518CB1F64797800A7F2DA /* SimpleKMLSubData.h */ = {isa = PBXFileReference; fileEncoding = 4; lastKnownFileType = sourcecode.c.h; name = SimpleKMLSubData.h; path = "Simple-KML/source/SimpleKMLSubData.h"; sourceTree = "<group>"; };
		824518CC1F64797800A7F2DA /* SimpleKMLSubData.m */ = {isa = PBXFileReference; fileEncoding = 4; lastKnownFileType = sourcecode.c.objc; name = SimpleKMLSubData.m; path = "Simple-KML/source/SimpleKMLSubData.m"; sourceTree = "<group>"; };
		824518CD1F64797800A7F2DA /* SimpleKMLSubStyle.h */ = {isa = PBXFileReference; fileEncoding = 4; lastKnownFileType = sourcecode.c.h; name = SimpleKMLSubStyle.h; path = "Simple-KML/source/SimpleKMLSubStyle.h"; sourceTree = "<group>"; };
		82AFAD901F53AC4B001D2E5E /* TransiTrainer.app */ = {isa = PBXFileReference; explicitFileType = wrapper.application; includeInIndex = 0; path = TransiTrainer.app; sourceTree = BUILT_PRODUCTS_DIR; };
		82AFAD931F53AC4B001D2E5E /* AppDelegate.swift */ = {isa = PBXFileReference; lastKnownFileType = sourcecode.swift; path = AppDelegate.swift; sourceTree = "<group>"; };
		82AFAD951F53AC4B001D2E5E /* FirstViewController.swift */ = {isa = PBXFileReference; lastKnownFileType = sourcecode.swift; path = FirstViewController.swift; sourceTree = "<group>"; };
		82AFAD971F53AC4B001D2E5E /* SecondViewController.swift */ = {isa = PBXFileReference; lastKnownFileType = sourcecode.swift; path = SecondViewController.swift; sourceTree = "<group>"; };
		82AFAD9A1F53AC4B001D2E5E /* Base */ = {isa = PBXFileReference; lastKnownFileType = file.storyboard; name = Base; path = Base.lproj/Main.storyboard; sourceTree = "<group>"; };
		82AFAD9C1F53AC4B001D2E5E /* Assets.xcassets */ = {isa = PBXFileReference; lastKnownFileType = folder.assetcatalog; path = Assets.xcassets; sourceTree = "<group>"; };
		82AFAD9F1F53AC4B001D2E5E /* Base */ = {isa = PBXFileReference; lastKnownFileType = file.storyboard; name = Base; path = Base.lproj/LaunchScreen.storyboard; sourceTree = "<group>"; };
		82AFADA11F53AC4B001D2E5E /* Info.plist */ = {isa = PBXFileReference; lastKnownFileType = text.plist.xml; path = Info.plist; sourceTree = "<group>"; };
		82AFADA61F53AC4B001D2E5E /* TransiTrainerTests.xctest */ = {isa = PBXFileReference; explicitFileType = wrapper.cfbundle; includeInIndex = 0; path = TransiTrainerTests.xctest; sourceTree = BUILT_PRODUCTS_DIR; };
		82AFADAA1F53AC4B001D2E5E /* TransiTrainerTests.swift */ = {isa = PBXFileReference; lastKnownFileType = sourcecode.swift; path = TransiTrainerTests.swift; sourceTree = "<group>"; };
		82AFADAC1F53AC4B001D2E5E /* Info.plist */ = {isa = PBXFileReference; lastKnownFileType = text.plist.xml; path = Info.plist; sourceTree = "<group>"; };
		82AFADB11F53AC4B001D2E5E /* TransiTrainerUITests.xctest */ = {isa = PBXFileReference; explicitFileType = wrapper.cfbundle; includeInIndex = 0; path = TransiTrainerUITests.xctest; sourceTree = BUILT_PRODUCTS_DIR; };
		82AFADB51F53AC4B001D2E5E /* TransiTrainerUITests.swift */ = {isa = PBXFileReference; lastKnownFileType = sourcecode.swift; path = TransiTrainerUITests.swift; sourceTree = "<group>"; };
		82AFADB71F53AC4B001D2E5E /* Info.plist */ = {isa = PBXFileReference; lastKnownFileType = text.plist.xml; path = Info.plist; sourceTree = "<group>"; };
		82C7CF4B1F635B2200580464 /* Simple-KML */ = {isa = PBXFileReference; lastKnownFileType = folder; path = "Simple-KML"; sourceTree = "<group>"; };
		82C7CF9D1F635CC200580464 /* Creation */ = {isa = PBXFileReference; lastKnownFileType = folder; name = Creation; path = "Simple-KML/vendor/TouchXML/Source/Creation"; sourceTree = "<group>"; };
		82C7CF9E1F635CC200580464 /* CXHTMLDocument.h */ = {isa = PBXFileReference; lastKnownFileType = sourcecode.c.h; name = CXHTMLDocument.h; path = "Simple-KML/vendor/TouchXML/Source/CXHTMLDocument.h"; sourceTree = "<group>"; };
		82C7CF9F1F635CC200580464 /* CXHTMLDocument.m */ = {isa = PBXFileReference; lastKnownFileType = sourcecode.c.objc; name = CXHTMLDocument.m; path = "Simple-KML/vendor/TouchXML/Source/CXHTMLDocument.m"; sourceTree = "<group>"; };
		82C7CFA01F635CC200580464 /* CXMLDocument_PrivateExtensions.h */ = {isa = PBXFileReference; lastKnownFileType = sourcecode.c.h; name = CXMLDocument_PrivateExtensions.h; path = "Simple-KML/vendor/TouchXML/Source/CXMLDocument_PrivateExtensions.h"; sourceTree = "<group>"; };
		82C7CFA11F635CC200580464 /* CXMLDocument_PrivateExtensions.m */ = {isa = PBXFileReference; lastKnownFileType = sourcecode.c.objc; name = CXMLDocument_PrivateExtensions.m; path = "Simple-KML/vendor/TouchXML/Source/CXMLDocument_PrivateExtensions.m"; sourceTree = "<group>"; };
		82C7CFA21F635CC200580464 /* CXMLDocument.h */ = {isa = PBXFileReference; lastKnownFileType = sourcecode.c.h; name = CXMLDocument.h; path = "Simple-KML/vendor/TouchXML/Source/CXMLDocument.h"; sourceTree = "<group>"; };
		82C7CFA31F635CC200580464 /* CXMLDocument.m */ = {isa = PBXFileReference; lastKnownFileType = sourcecode.c.objc; name = CXMLDocument.m; path = "Simple-KML/vendor/TouchXML/Source/CXMLDocument.m"; sourceTree = "<group>"; };
		82C7CFA41F635CC200580464 /* CXMLElement_CreationExtensions.h */ = {isa = PBXFileReference; lastKnownFileType = sourcecode.c.h; name = CXMLElement_CreationExtensions.h; path = "Simple-KML/vendor/TouchXML/Source/CXMLElement_CreationExtensions.h"; sourceTree = "<group>"; };
		82C7CFA51F635CC200580464 /* CXMLElement_CreationExtensions.m */ = {isa = PBXFileReference; lastKnownFileType = sourcecode.c.objc; name = CXMLElement_CreationExtensions.m; path = "Simple-KML/vendor/TouchXML/Source/CXMLElement_CreationExtensions.m"; sourceTree = "<group>"; };
		82C7CFA61F635CC200580464 /* CXMLElement_ElementTreeExtensions.h */ = {isa = PBXFileReference; lastKnownFileType = sourcecode.c.h; name = CXMLElement_ElementTreeExtensions.h; path = "Simple-KML/vendor/TouchXML/Source/CXMLElement_ElementTreeExtensions.h"; sourceTree = "<group>"; };
		82C7CFA71F635CC200580464 /* CXMLElement_ElementTreeExtensions.m */ = {isa = PBXFileReference; lastKnownFileType = sourcecode.c.objc; name = CXMLElement_ElementTreeExtensions.m; path = "Simple-KML/vendor/TouchXML/Source/CXMLElement_ElementTreeExtensions.m"; sourceTree = "<group>"; };
		82C7CFA81F635CC200580464 /* CXMLElement.h */ = {isa = PBXFileReference; lastKnownFileType = sourcecode.c.h; name = CXMLElement.h; path = "Simple-KML/vendor/TouchXML/Source/CXMLElement.h"; sourceTree = "<group>"; };
		82C7CFA91F635CC200580464 /* CXMLElement.m */ = {isa = PBXFileReference; lastKnownFileType = sourcecode.c.objc; name = CXMLElement.m; path = "Simple-KML/vendor/TouchXML/Source/CXMLElement.m"; sourceTree = "<group>"; };
		82C7CFAA1F635CC200580464 /* CXMLNamespaceNode.h */ = {isa = PBXFileReference; lastKnownFileType = sourcecode.c.h; name = CXMLNamespaceNode.h; path = "Simple-KML/vendor/TouchXML/Source/CXMLNamespaceNode.h"; sourceTree = "<group>"; };
		82C7CFAB1F635CC200580464 /* CXMLNamespaceNode.m */ = {isa = PBXFileReference; lastKnownFileType = sourcecode.c.objc; name = CXMLNamespaceNode.m; path = "Simple-KML/vendor/TouchXML/Source/CXMLNamespaceNode.m"; sourceTree = "<group>"; };
		82C7CFAC1F635CC200580464 /* CXMLNode_PrivateExtensions.h */ = {isa = PBXFileReference; lastKnownFileType = sourcecode.c.h; name = CXMLNode_PrivateExtensions.h; path = "Simple-KML/vendor/TouchXML/Source/CXMLNode_PrivateExtensions.h"; sourceTree = "<group>"; };
		82C7CFAD1F635CC200580464 /* CXMLNode_PrivateExtensions.m */ = {isa = PBXFileReference; lastKnownFileType = sourcecode.c.objc; name = CXMLNode_PrivateExtensions.m; path = "Simple-KML/vendor/TouchXML/Source/CXMLNode_PrivateExtensions.m"; sourceTree = "<group>"; };
		82C7CFAE1F635CC200580464 /* CXMLNode_XPathExtensions.h */ = {isa = PBXFileReference; lastKnownFileType = sourcecode.c.h; name = CXMLNode_XPathExtensions.h; path = "Simple-KML/vendor/TouchXML/Source/CXMLNode_XPathExtensions.h"; sourceTree = "<group>"; };
		82C7CFAF1F635CC200580464 /* CXMLNode_XPathExtensions.m */ = {isa = PBXFileReference; lastKnownFileType = sourcecode.c.objc; name = CXMLNode_XPathExtensions.m; path = "Simple-KML/vendor/TouchXML/Source/CXMLNode_XPathExtensions.m"; sourceTree = "<group>"; };
		82C7CFB01F635CC200580464 /* CXMLNode.h */ = {isa = PBXFileReference; lastKnownFileType = sourcecode.c.h; name = CXMLNode.h; path = "Simple-KML/vendor/TouchXML/Source/CXMLNode.h"; sourceTree = "<group>"; };
		82C7CFB11F635CC200580464 /* CXMLNode.m */ = {isa = PBXFileReference; lastKnownFileType = sourcecode.c.objc; name = CXMLNode.m; path = "Simple-KML/vendor/TouchXML/Source/CXMLNode.m"; sourceTree = "<group>"; };
		82C7CFB21F635CC200580464 /* CXMLUnsupportedNode.h */ = {isa = PBXFileReference; lastKnownFileType = sourcecode.c.h; name = CXMLUnsupportedNode.h; path = "Simple-KML/vendor/TouchXML/Source/CXMLUnsupportedNode.h"; sourceTree = "<group>"; };
		82C7CFB31F635CC200580464 /* CXMLUnsupportedNode.m */ = {isa = PBXFileReference; lastKnownFileType = sourcecode.c.objc; name = CXMLUnsupportedNode.m; path = "Simple-KML/vendor/TouchXML/Source/CXMLUnsupportedNode.m"; sourceTree = "<group>"; };
		82C7CFB41F635CC200580464 /* Tidy */ = {isa = PBXFileReference; lastKnownFileType = folder; name = Tidy; path = "Simple-KML/vendor/TouchXML/Source/Tidy"; sourceTree = "<group>"; };
		82C7CFB51F635CC200580464 /* TouchXML.h */ = {isa = PBXFileReference; lastKnownFileType = sourcecode.c.h; name = TouchXML.h; path = "Simple-KML/vendor/TouchXML/Source/TouchXML.h"; sourceTree = "<group>"; };
		82C7CFCF1F635D5C00580464 /* FileInZipInfo.h */ = {isa = PBXFileReference; lastKnownFileType = sourcecode.c.h; name = FileInZipInfo.h; path = "Simple-KML/vendor/objective-zip/Objective-Zip/FileInZipInfo.h"; sourceTree = "<group>"; };
		82C7CFD01F635D5C00580464 /* FileInZipInfo.m */ = {isa = PBXFileReference; lastKnownFileType = sourcecode.c.objc; name = FileInZipInfo.m; path = "Simple-KML/vendor/objective-zip/Objective-Zip/FileInZipInfo.m"; sourceTree = "<group>"; };
		82C7CFD11F635D5C00580464 /* ZipException.h */ = {isa = PBXFileReference; lastKnownFileType = sourcecode.c.h; name = ZipException.h; path = "Simple-KML/vendor/objective-zip/Objective-Zip/ZipException.h"; sourceTree = "<group>"; };
		82C7CFD21F635D5C00580464 /* ZipException.m */ = {isa = PBXFileReference; lastKnownFileType = sourcecode.c.objc; name = ZipException.m; path = "Simple-KML/vendor/objective-zip/Objective-Zip/ZipException.m"; sourceTree = "<group>"; };
		82C7CFD31F635D5C00580464 /* ZipFile.h */ = {isa = PBXFileReference; lastKnownFileType = sourcecode.c.h; name = ZipFile.h; path = "Simple-KML/vendor/objective-zip/Objective-Zip/ZipFile.h"; sourceTree = "<group>"; };
		82C7CFD41F635D5C00580464 /* ZipFile.m */ = {isa = PBXFileReference; lastKnownFileType = sourcecode.c.objc; name = ZipFile.m; path = "Simple-KML/vendor/objective-zip/Objective-Zip/ZipFile.m"; sourceTree = "<group>"; };
		82C7CFD51F635D5C00580464 /* ZipReadStream.h */ = {isa = PBXFileReference; lastKnownFileType = sourcecode.c.h; name = ZipReadStream.h; path = "Simple-KML/vendor/objective-zip/Objective-Zip/ZipReadStream.h"; sourceTree = "<group>"; };
		82C7CFD61F635D5C00580464 /* ZipReadStream.m */ = {isa = PBXFileReference; lastKnownFileType = sourcecode.c.objc; name = ZipReadStream.m; path = "Simple-KML/vendor/objective-zip/Objective-Zip/ZipReadStream.m"; sourceTree = "<group>"; };
		82C7CFD71F635D5C00580464 /* ZipWriteStream.h */ = {isa = PBXFileReference; lastKnownFileType = sourcecode.c.h; name = ZipWriteStream.h; path = "Simple-KML/vendor/objective-zip/Objective-Zip/ZipWriteStream.h"; sourceTree = "<group>"; };
		82C7CFD81F635D5C00580464 /* ZipWriteStream.m */ = {isa = PBXFileReference; lastKnownFileType = sourcecode.c.objc; name = ZipWriteStream.m; path = "Simple-KML/vendor/objective-zip/Objective-Zip/ZipWriteStream.m"; sourceTree = "<group>"; };
		82C7CFE31F63636400580464 /* ioapi.c */ = {isa = PBXFileReference; lastKnownFileType = sourcecode.c.c; name = ioapi.c; path = "Simple-KML/vendor/objective-zip/MiniZip/ioapi.c"; sourceTree = "<group>"; };
		82C7CFE41F63636400580464 /* ioapi.h */ = {isa = PBXFileReference; lastKnownFileType = sourcecode.c.h; name = ioapi.h; path = "Simple-KML/vendor/objective-zip/MiniZip/ioapi.h"; sourceTree = "<group>"; };
		82C7CFE51F63636400580464 /* mztools.c */ = {isa = PBXFileReference; lastKnownFileType = sourcecode.c.c; name = mztools.c; path = "Simple-KML/vendor/objective-zip/MiniZip/mztools.c"; sourceTree = "<group>"; };
		82C7CFE61F63636400580464 /* mztools.h */ = {isa = PBXFileReference; lastKnownFileType = sourcecode.c.h; name = mztools.h; path = "Simple-KML/vendor/objective-zip/MiniZip/mztools.h"; sourceTree = "<group>"; };
		82C7CFE71F63636400580464 /* unzip.c */ = {isa = PBXFileReference; lastKnownFileType = sourcecode.c.c; name = unzip.c; path = "Simple-KML/vendor/objective-zip/MiniZip/unzip.c"; sourceTree = "<group>"; };
		82C7CFE81F63636400580464 /* unzip.h */ = {isa = PBXFileReference; lastKnownFileType = sourcecode.c.h; name = unzip.h; path = "Simple-KML/vendor/objective-zip/MiniZip/unzip.h"; sourceTree = "<group>"; };
		82C7CFE91F63636400580464 /* zip.c */ = {isa = PBXFileReference; lastKnownFileType = sourcecode.c.c; name = zip.c; path = "Simple-KML/vendor/objective-zip/MiniZip/zip.c"; sourceTree = "<group>"; };
		82C7CFEA1F63636400580464 /* zip.h */ = {isa = PBXFileReference; lastKnownFileType = sourcecode.c.h; name = zip.h; path = "Simple-KML/vendor/objective-zip/MiniZip/zip.h"; sourceTree = "<group>"; };
		82C7CFF31F63639F00580464 /* libz.tbd */ = {isa = PBXFileReference; lastKnownFileType = "sourcecode.text-based-dylib-definition"; name = libz.tbd; path = usr/lib/libz.tbd; sourceTree = SDKROOT; };
/* End PBXFileReference section */

/* Begin PBXFrameworksBuildPhase section */
		82AFAD8D1F53AC4B001D2E5E /* Frameworks */ = {
			isa = PBXFrameworksBuildPhase;
			buildActionMask = 2147483647;
			files = (
				82C7CFF41F63639F00580464 /* libz.tbd in Frameworks */,
				820DD1521F633AA9005B6EFA /* CoreLocation.framework in Frameworks */,
			);
			runOnlyForDeploymentPostprocessing = 0;
		};
		82AFADA31F53AC4B001D2E5E /* Frameworks */ = {
			isa = PBXFrameworksBuildPhase;
			buildActionMask = 2147483647;
			files = (
			);
			runOnlyForDeploymentPostprocessing = 0;
		};
		82AFADAE1F53AC4B001D2E5E /* Frameworks */ = {
			isa = PBXFrameworksBuildPhase;
			buildActionMask = 2147483647;
			files = (
			);
			runOnlyForDeploymentPostprocessing = 0;
		};
/* End PBXFrameworksBuildPhase section */

/* Begin PBXGroup section */
		820DD1501F633AA9005B6EFA /* Frameworks */ = {
			isa = PBXGroup;
			children = (
				82C7CFF31F63639F00580464 /* libz.tbd */,
				820DD1511F633AA9005B6EFA /* CoreLocation.framework */,
			);
			name = Frameworks;
			sourceTree = "<group>";
		};
		82AFAD871F53AC4B001D2E5E = {
			isa = PBXGroup;
			children = (
				82C7CFE31F63636400580464 /* ioapi.c */,
				82C7CFE41F63636400580464 /* ioapi.h */,
				82C7CFE51F63636400580464 /* mztools.c */,
				82C7CFE61F63636400580464 /* mztools.h */,
				82C7CFE71F63636400580464 /* unzip.c */,
				82C7CFE81F63636400580464 /* unzip.h */,
				82C7CFE91F63636400580464 /* zip.c */,
				82C7CFEA1F63636400580464 /* zip.h */,
				82C7CFCF1F635D5C00580464 /* FileInZipInfo.h */,
				82C7CFD01F635D5C00580464 /* FileInZipInfo.m */,
				82C7CFD11F635D5C00580464 /* ZipException.h */,
				82C7CFD21F635D5C00580464 /* ZipException.m */,
				82C7CFD31F635D5C00580464 /* ZipFile.h */,
				82C7CFD41F635D5C00580464 /* ZipFile.m */,
				82C7CFD51F635D5C00580464 /* ZipReadStream.h */,
				82C7CFD71F635D5C00580464 /* ZipWriteStream.h */,
				82C7CFD81F635D5C00580464 /* ZipWriteStream.m */,
				82C7CF9D1F635CC200580464 /* Creation */,
				82C7CF9E1F635CC200580464 /* CXHTMLDocument.h */,
				82C7CF9F1F635CC200580464 /* CXHTMLDocument.m */,
				82C7CFA01F635CC200580464 /* CXMLDocument_PrivateExtensions.h */,
				82C7CFD61F635D5C00580464 /* ZipReadStream.m */,
				82C7CFA11F635CC200580464 /* CXMLDocument_PrivateExtensions.m */,
				82C7CFA21F635CC200580464 /* CXMLDocument.h */,
				82C7CFA31F635CC200580464 /* CXMLDocument.m */,
				82C7CFA41F635CC200580464 /* CXMLElement_CreationExtensions.h */,
				82C7CFA51F635CC200580464 /* CXMLElement_CreationExtensions.m */,
				82C7CFA61F635CC200580464 /* CXMLElement_ElementTreeExtensions.h */,
				82C7CFA71F635CC200580464 /* CXMLElement_ElementTreeExtensions.m */,
				82C7CFA81F635CC200580464 /* CXMLElement.h */,
				82C7CFA91F635CC200580464 /* CXMLElement.m */,
				82C7CFAA1F635CC200580464 /* CXMLNamespaceNode.h */,
				82C7CFAB1F635CC200580464 /* CXMLNamespaceNode.m */,
				82C7CFAC1F635CC200580464 /* CXMLNode_PrivateExtensions.h */,
				82C7CFAD1F635CC200580464 /* CXMLNode_PrivateExtensions.m */,
				82C7CFAE1F635CC200580464 /* CXMLNode_XPathExtensions.h */,
				82C7CFAF1F635CC200580464 /* CXMLNode_XPathExtensions.m */,
				82C7CFB01F635CC200580464 /* CXMLNode.h */,
				82C7CFB11F635CC200580464 /* CXMLNode.m */,
				82C7CFB21F635CC200580464 /* CXMLUnsupportedNode.h */,
				82C7CFB31F635CC200580464 /* CXMLUnsupportedNode.m */,
				824518971F64797700A7F2DA /* SimpleKML_UIImage.h */,
				824518981F64797700A7F2DA /* SimpleKML_UIImage.m */,
				824518991F64797700A7F2DA /* SimpleKML.h */,
				8245189A1F64797800A7F2DA /* SimpleKML.m */,
				8245189B1F64797800A7F2DA /* SimpleKMLBalloonStyle.h */,
				8245189C1F64797800A7F2DA /* SimpleKMLBalloonStyle.m */,
				8245189D1F64797800A7F2DA /* SimpleKMLColorStyle.h */,
				8245189E1F64797800A7F2DA /* SimpleKMLColorStyle.m */,
				8245189F1F64797800A7F2DA /* SimpleKMLContainer.h */,
				824518A01F64797800A7F2DA /* SimpleKMLContainer.m */,
				824518A11F64797800A7F2DA /* SimpleKMLData.h */,
				824518A21F64797800A7F2DA /* SimpleKMLData.m */,
				824518A31F64797800A7F2DA /* SimpleKMLDocument.h */,
				824518A41F64797800A7F2DA /* SimpleKMLDocument.m */,
				824518A51F64797800A7F2DA /* SimpleKMLExtendedData.h */,
				824518A61F64797800A7F2DA /* SimpleKMLExtendedData.m */,
				824518A71F64797800A7F2DA /* SimpleKMLFeature.h */,
				824518A81F64797800A7F2DA /* SimpleKMLFeature.m */,
				824518A91F64797800A7F2DA /* SimpleKMLFolder.h */,
				824518AA1F64797800A7F2DA /* SimpleKMLFolder.m */,
				824518AB1F64797800A7F2DA /* SimpleKMLGeometry.h */,
				824518AC1F64797800A7F2DA /* SimpleKMLGeometry.m */,
				824518AD1F64797800A7F2DA /* SimpleKMLGroundOverlay.h */,
				824518AE1F64797800A7F2DA /* SimpleKMLGroundOverlay.m */,
				824518AF1F64797800A7F2DA /* SimpleKMLIconStyle.h */,
				824518B01F64797800A7F2DA /* SimpleKMLIconStyle.m */,
				824518B11F64797800A7F2DA /* SimpleKMLLinearRing.h */,
				824518B21F64797800A7F2DA /* SimpleKMLLinearRing.m */,
				824518B31F64797800A7F2DA /* SimpleKMLLineString.h */,
				824518B41F64797800A7F2DA /* SimpleKMLLineString.m */,
				824518B51F64797800A7F2DA /* SimpleKMLLineStyle.h */,
				824518B61F64797800A7F2DA /* SimpleKMLLineStyle.m */,
				824518B71F64797800A7F2DA /* SimpleKMLMultiGeometry.h */,
				824518B81F64797800A7F2DA /* SimpleKMLMultiGeometry.m */,
				824518B91F64797800A7F2DA /* SimpleKMLObject.h */,
				824518BA1F64797800A7F2DA /* SimpleKMLObject.m */,
				824518BB1F64797800A7F2DA /* SimpleKMLOverlay.h */,
				824518BC1F64797800A7F2DA /* SimpleKMLOverlay.m */,
				824518BD1F64797800A7F2DA /* SimpleKMLPlacemark.h */,
				824518BE1F64797800A7F2DA /* SimpleKMLPlacemark.m */,
				824518BF1F64797800A7F2DA /* SimpleKMLPoint.h */,
				824518C01F64797800A7F2DA /* SimpleKMLPoint.m */,
				824518C11F64797800A7F2DA /* SimpleKMLPolygon.h */,
				824518C21F64797800A7F2DA /* SimpleKMLPolygon.m */,
				824518C31F64797800A7F2DA /* SimpleKMLPolyStyle.h */,
				824518C41F64797800A7F2DA /* SimpleKMLPolyStyle.m */,
				824518C51F64797800A7F2DA /* SimpleKMLSchemaData.h */,
				824518C61F64797800A7F2DA /* SimpleKMLSchemaData.m */,
				824518C71F64797800A7F2DA /* SimpleKMLStyle.h */,
				824518C81F64797800A7F2DA /* SimpleKMLStyle.m */,
				824518C91F64797800A7F2DA /* SimpleKMLStyleSelector.h */,
				824518CA1F64797800A7F2DA /* SimpleKMLStyleSelector.m */,
				824518CB1F64797800A7F2DA /* SimpleKMLSubData.h */,
				824518CC1F64797800A7F2DA /* SimpleKMLSubData.m */,
				824518CD1F64797800A7F2DA /* SimpleKMLSubStyle.h */,
				82C7CFB41F635CC200580464 /* Tidy */,
				82C7CFB51F635CC200580464 /* TouchXML.h */,
				82C7CF4B1F635B2200580464 /* Simple-KML */,
				820DD2521F634567005B6EFA /* libSimple-KML.h */,
				82AFAD921F53AC4B001D2E5E /* TransiTrainer */,
				82AFADA91F53AC4B001D2E5E /* TransiTrainerTests */,
				82AFADB41F53AC4B001D2E5E /* TransiTrainerUITests */,
				82AFAD911F53AC4B001D2E5E /* Products */,
				820DD1501F633AA9005B6EFA /* Frameworks */,
			);
			sourceTree = "<group>";
		};
		82AFAD911F53AC4B001D2E5E /* Products */ = {
			isa = PBXGroup;
			children = (
				82AFAD901F53AC4B001D2E5E /* TransiTrainer.app */,
				82AFADA61F53AC4B001D2E5E /* TransiTrainerTests.xctest */,
				82AFADB11F53AC4B001D2E5E /* TransiTrainerUITests.xctest */,
			);
			name = Products;
			sourceTree = "<group>";
		};
		82AFAD921F53AC4B001D2E5E /* TransiTrainer */ = {
			isa = PBXGroup;
			children = (
				82AFAD931F53AC4B001D2E5E /* AppDelegate.swift */,
				824518951F646D0000A7F2DA /* tm_rail_stops.kml */,
				82AFAD951F53AC4B001D2E5E /* FirstViewController.swift */,
				82AFAD971F53AC4B001D2E5E /* SecondViewController.swift */,
				82AFAD991F53AC4B001D2E5E /* Main.storyboard */,
				82AFAD9C1F53AC4B001D2E5E /* Assets.xcassets */,
				82AFAD9E1F53AC4B001D2E5E /* LaunchScreen.storyboard */,
				82AFADA11F53AC4B001D2E5E /* Info.plist */,
			);
			path = TransiTrainer;
			sourceTree = "<group>";
		};
		82AFADA91F53AC4B001D2E5E /* TransiTrainerTests */ = {
			isa = PBXGroup;
			children = (
				82AFADAA1F53AC4B001D2E5E /* TransiTrainerTests.swift */,
				82AFADAC1F53AC4B001D2E5E /* Info.plist */,
			);
			path = TransiTrainerTests;
			sourceTree = "<group>";
		};
		82AFADB41F53AC4B001D2E5E /* TransiTrainerUITests */ = {
			isa = PBXGroup;
			children = (
				82AFADB51F53AC4B001D2E5E /* TransiTrainerUITests.swift */,
				82AFADB71F53AC4B001D2E5E /* Info.plist */,
			);
			path = TransiTrainerUITests;
			sourceTree = "<group>";
		};
/* End PBXGroup section */

/* Begin PBXNativeTarget section */
		82AFAD8F1F53AC4B001D2E5E /* TransiTrainer */ = {
			isa = PBXNativeTarget;
			buildConfigurationList = 82AFADBA1F53AC4B001D2E5E /* Build configuration list for PBXNativeTarget "TransiTrainer" */;
			buildPhases = (
				82AFAD8C1F53AC4B001D2E5E /* Sources */,
				82AFAD8D1F53AC4B001D2E5E /* Frameworks */,
				82AFAD8E1F53AC4B001D2E5E /* Resources */,
			);
			buildRules = (
			);
			dependencies = (
			);
			name = TransiTrainer;
			productName = TransiTrainer;
			productReference = 82AFAD901F53AC4B001D2E5E /* TransiTrainer.app */;
			productType = "com.apple.product-type.application";
		};
		82AFADA51F53AC4B001D2E5E /* TransiTrainerTests */ = {
			isa = PBXNativeTarget;
			buildConfigurationList = 82AFADBD1F53AC4B001D2E5E /* Build configuration list for PBXNativeTarget "TransiTrainerTests" */;
			buildPhases = (
				82AFADA21F53AC4B001D2E5E /* Sources */,
				82AFADA31F53AC4B001D2E5E /* Frameworks */,
				82AFADA41F53AC4B001D2E5E /* Resources */,
			);
			buildRules = (
			);
			dependencies = (
				82AFADA81F53AC4B001D2E5E /* PBXTargetDependency */,
			);
			name = TransiTrainerTests;
			productName = TransiTrainerTests;
			productReference = 82AFADA61F53AC4B001D2E5E /* TransiTrainerTests.xctest */;
			productType = "com.apple.product-type.bundle.unit-test";
		};
		82AFADB01F53AC4B001D2E5E /* TransiTrainerUITests */ = {
			isa = PBXNativeTarget;
			buildConfigurationList = 82AFADC01F53AC4B001D2E5E /* Build configuration list for PBXNativeTarget "TransiTrainerUITests" */;
			buildPhases = (
				82AFADAD1F53AC4B001D2E5E /* Sources */,
				82AFADAE1F53AC4B001D2E5E /* Frameworks */,
				82AFADAF1F53AC4B001D2E5E /* Resources */,
			);
			buildRules = (
			);
			dependencies = (
				82AFADB31F53AC4B001D2E5E /* PBXTargetDependency */,
			);
			name = TransiTrainerUITests;
			productName = TransiTrainerUITests;
			productReference = 82AFADB11F53AC4B001D2E5E /* TransiTrainerUITests.xctest */;
			productType = "com.apple.product-type.bundle.ui-testing";
		};
/* End PBXNativeTarget section */

/* Begin PBXProject section */
		82AFAD881F53AC4B001D2E5E /* Project object */ = {
			isa = PBXProject;
			attributes = {
				LastSwiftUpdateCheck = 0830;
				LastUpgradeCheck = 0830;
				ORGANIZATIONNAME = "Tri-Met";
				TargetAttributes = {
					82AFAD8F1F53AC4B001D2E5E = {
						CreatedOnToolsVersion = 8.3.2;
						ProvisioningStyle = Automatic;
					};
					82AFADA51F53AC4B001D2E5E = {
						CreatedOnToolsVersion = 8.3.2;
						ProvisioningStyle = Automatic;
						TestTargetID = 82AFAD8F1F53AC4B001D2E5E;
					};
					82AFADB01F53AC4B001D2E5E = {
						CreatedOnToolsVersion = 8.3.2;
						ProvisioningStyle = Automatic;
						TestTargetID = 82AFAD8F1F53AC4B001D2E5E;
					};
				};
			};
			buildConfigurationList = 82AFAD8B1F53AC4B001D2E5E /* Build configuration list for PBXProject "TransiTrainer" */;
			compatibilityVersion = "Xcode 3.2";
			developmentRegion = English;
			hasScannedForEncodings = 0;
			knownRegions = (
				en,
				Base,
			);
			mainGroup = 82AFAD871F53AC4B001D2E5E;
			productRefGroup = 82AFAD911F53AC4B001D2E5E /* Products */;
			projectDirPath = "";
			projectRoot = "";
			targets = (
				82AFAD8F1F53AC4B001D2E5E /* TransiTrainer */,
				82AFADA51F53AC4B001D2E5E /* TransiTrainerTests */,
				82AFADB01F53AC4B001D2E5E /* TransiTrainerUITests */,
			);
		};
/* End PBXProject section */

/* Begin PBXResourcesBuildPhase section */
		82AFAD8E1F53AC4B001D2E5E /* Resources */ = {
			isa = PBXResourcesBuildPhase;
			buildActionMask = 2147483647;
			files = (
				82AFADA01F53AC4B001D2E5E /* LaunchScreen.storyboard in Resources */,
				82AFAD9D1F53AC4B001D2E5E /* Assets.xcassets in Resources */,
				82AFAD9B1F53AC4B001D2E5E /* Main.storyboard in Resources */,
				824518961F646D0000A7F2DA /* tm_rail_stops.kml in Resources */,
			);
			runOnlyForDeploymentPostprocessing = 0;
		};
		82AFADA41F53AC4B001D2E5E /* Resources */ = {
			isa = PBXResourcesBuildPhase;
			buildActionMask = 2147483647;
			files = (
			);
			runOnlyForDeploymentPostprocessing = 0;
		};
		82AFADAF1F53AC4B001D2E5E /* Resources */ = {
			isa = PBXResourcesBuildPhase;
			buildActionMask = 2147483647;
			files = (
			);
			runOnlyForDeploymentPostprocessing = 0;
		};
/* End PBXResourcesBuildPhase section */

/* Begin PBXSourcesBuildPhase section */
		82AFAD8C1F53AC4B001D2E5E /* Sources */ = {
			isa = PBXSourcesBuildPhase;
			buildActionMask = 2147483647;
			files = (
				824518DE1F64797800A7F2DA /* SimpleKMLLineStyle.m in Sources */,
				82C7CFEB1F63636400580464 /* ioapi.c in Sources */,
				82C7CFEC1F63636400580464 /* ioapi.h in Sources */,
				82C7CFED1F63636400580464 /* mztools.c in Sources */,
				824518DB1F64797800A7F2DA /* SimpleKMLIconStyle.m in Sources */,
				824518E21F64797800A7F2DA /* SimpleKMLPlacemark.m in Sources */,
				824518DF1F64797800A7F2DA /* SimpleKMLMultiGeometry.m in Sources */,
				82C7CFEE1F63636400580464 /* mztools.h in Sources */,
				824518D71F64797800A7F2DA /* SimpleKMLFeature.m in Sources */,
				824518D01F64797800A7F2DA /* SimpleKML.m in Sources */,
				82C7CFEF1F63636400580464 /* unzip.c in Sources */,
				824518E91F64797800A7F2DA /* SimpleKMLSubData.m in Sources */,
				82C7CFF01F63636400580464 /* unzip.h in Sources */,
				824518DA1F64797800A7F2DA /* SimpleKMLGroundOverlay.m in Sources */,
				82C7CFF11F63636400580464 /* zip.c in Sources */,
				82C7CFF21F63636400580464 /* zip.h in Sources */,
				82C7CFD91F635D5C00580464 /* FileInZipInfo.h in Sources */,
				824518DD1F64797800A7F2DA /* SimpleKMLLineString.m in Sources */,
				82C7CFDA1F635D5C00580464 /* FileInZipInfo.m in Sources */,
				824518E01F64797800A7F2DA /* SimpleKMLObject.m in Sources */,
				824518E31F64797800A7F2DA /* SimpleKMLPoint.m in Sources */,
				82C7CFDB1F635D5C00580464 /* ZipException.h in Sources */,
				82C7CFDC1F635D5C00580464 /* ZipException.m in Sources */,
				82C7CFDD1F635D5C00580464 /* ZipFile.h in Sources */,
				824518D31F64797800A7F2DA /* SimpleKMLContainer.m in Sources */,
				824518D51F64797800A7F2DA /* SimpleKMLDocument.m in Sources */,
				82C7CFDE1F635D5C00580464 /* ZipFile.m in Sources */,
				824518E51F64797800A7F2DA /* SimpleKMLPolyStyle.m in Sources */,
				82C7CFDF1F635D5C00580464 /* ZipReadStream.h in Sources */,
				82C7CFE01F635D5C00580464 /* ZipReadStream.m in Sources */,
				82C7CFE11F635D5C00580464 /* ZipWriteStream.h in Sources */,
				82C7CFE21F635D5C00580464 /* ZipWriteStream.m in Sources */,
				82C7CFB61F635CC200580464 /* Creation in Sources */,
				82C7CFB71F635CC200580464 /* CXHTMLDocument.h in Sources */,
				82C7CFB81F635CC200580464 /* CXHTMLDocument.m in Sources */,
				82C7CFB91F635CC200580464 /* CXMLDocument_PrivateExtensions.h in Sources */,
				82C7CFBA1F635CC200580464 /* CXMLDocument_PrivateExtensions.m in Sources */,
				82C7CFBB1F635CC200580464 /* CXMLDocument.h in Sources */,
				82C7CFBC1F635CC200580464 /* CXMLDocument.m in Sources */,
				824518CF1F64797800A7F2DA /* SimpleKML_UIImage.m in Sources */,
				824518E61F64797800A7F2DA /* SimpleKMLSchemaData.m in Sources */,
				82C7CFBD1F635CC200580464 /* CXMLElement_CreationExtensions.h in Sources */,
				82C7CFBE1F635CC200580464 /* CXMLElement_CreationExtensions.m in Sources */,
				82C7CFBF1F635CC200580464 /* CXMLElement_ElementTreeExtensions.h in Sources */,
				82C7CFC01F635CC200580464 /* CXMLElement_ElementTreeExtensions.m in Sources */,
				82C7CFC11F635CC200580464 /* CXMLElement.h in Sources */,
				824518E41F64797800A7F2DA /* SimpleKMLPolygon.m in Sources */,
				82C7CFC21F635CC200580464 /* CXMLElement.m in Sources */,
				82C7CFC31F635CC200580464 /* CXMLNamespaceNode.h in Sources */,
				824518E71F64797800A7F2DA /* SimpleKMLStyle.m in Sources */,
				82C7CFC41F635CC200580464 /* CXMLNamespaceNode.m in Sources */,
				82C7CFC51F635CC200580464 /* CXMLNode_PrivateExtensions.h in Sources */,
				82C7CFC61F635CC200580464 /* CXMLNode_PrivateExtensions.m in Sources */,
				824518D41F64797800A7F2DA /* SimpleKMLData.m in Sources */,
				82C7CFC71F635CC200580464 /* CXMLNode_XPathExtensions.h in Sources */,
				82C7CFC81F635CC200580464 /* CXMLNode_XPathExtensions.m in Sources */,
				824518DC1F64797800A7F2DA /* SimpleKMLLinearRing.m in Sources */,
				82C7CFC91F635CC200580464 /* CXMLNode.h in Sources */,
				824518D11F64797800A7F2DA /* SimpleKMLBalloonStyle.m in Sources */,
				82C7CFCA1F635CC200580464 /* CXMLNode.m in Sources */,
				824518E81F64797800A7F2DA /* SimpleKMLStyleSelector.m in Sources */,
				82C7CFCB1F635CC200580464 /* CXMLUnsupportedNode.h in Sources */,
				82C7CFCC1F635CC200580464 /* CXMLUnsupportedNode.m in Sources */,
				824518D61F64797800A7F2DA /* SimpleKMLExtendedData.m in Sources */,
				824518D21F64797800A7F2DA /* SimpleKMLColorStyle.m in Sources */,
				824518D91F64797800A7F2DA /* SimpleKMLGeometry.m in Sources */,
				82C7CFCD1F635CC200580464 /* Tidy in Sources */,
				82C7CFCE1F635CC200580464 /* TouchXML.h in Sources */,
				82AFAD981F53AC4B001D2E5E /* SecondViewController.swift in Sources */,
				82AFAD941F53AC4B001D2E5E /* AppDelegate.swift in Sources */,
				824518D81F64797800A7F2DA /* SimpleKMLFolder.m in Sources */,
				82AFAD961F53AC4B001D2E5E /* FirstViewController.swift in Sources */,
				824518E11F64797800A7F2DA /* SimpleKMLOverlay.m in Sources */,
			);
			runOnlyForDeploymentPostprocessing = 0;
		};
		82AFADA21F53AC4B001D2E5E /* Sources */ = {
			isa = PBXSourcesBuildPhase;
			buildActionMask = 2147483647;
			files = (
				82AFADAB1F53AC4B001D2E5E /* TransiTrainerTests.swift in Sources */,
			);
			runOnlyForDeploymentPostprocessing = 0;
		};
		82AFADAD1F53AC4B001D2E5E /* Sources */ = {
			isa = PBXSourcesBuildPhase;
			buildActionMask = 2147483647;
			files = (
				82AFADB61F53AC4B001D2E5E /* TransiTrainerUITests.swift in Sources */,
			);
			runOnlyForDeploymentPostprocessing = 0;
		};
/* End PBXSourcesBuildPhase section */

/* Begin PBXTargetDependency section */
		82AFADA81F53AC4B001D2E5E /* PBXTargetDependency */ = {
			isa = PBXTargetDependency;
			target = 82AFAD8F1F53AC4B001D2E5E /* TransiTrainer */;
			targetProxy = 82AFADA71F53AC4B001D2E5E /* PBXContainerItemProxy */;
		};
		82AFADB31F53AC4B001D2E5E /* PBXTargetDependency */ = {
			isa = PBXTargetDependency;
			target = 82AFAD8F1F53AC4B001D2E5E /* TransiTrainer */;
			targetProxy = 82AFADB21F53AC4B001D2E5E /* PBXContainerItemProxy */;
		};
/* End PBXTargetDependency section */

/* Begin PBXVariantGroup section */
		82AFAD991F53AC4B001D2E5E /* Main.storyboard */ = {
			isa = PBXVariantGroup;
			children = (
				82AFAD9A1F53AC4B001D2E5E /* Base */,
			);
			name = Main.storyboard;
			sourceTree = "<group>";
		};
		82AFAD9E1F53AC4B001D2E5E /* LaunchScreen.storyboard */ = {
			isa = PBXVariantGroup;
			children = (
				82AFAD9F1F53AC4B001D2E5E /* Base */,
			);
			name = LaunchScreen.storyboard;
			sourceTree = "<group>";
		};
/* End PBXVariantGroup section */

/* Begin XCBuildConfiguration section */
		82AFADB81F53AC4B001D2E5E /* Debug */ = {
			isa = XCBuildConfiguration;
			buildSettings = {
				ALWAYS_SEARCH_USER_PATHS = NO;
				CLANG_ANALYZER_NONNULL = YES;
				CLANG_ANALYZER_NUMBER_OBJECT_CONVERSION = YES_AGGRESSIVE;
				CLANG_CXX_LANGUAGE_STANDARD = "gnu++0x";
				CLANG_CXX_LIBRARY = "libc++";
				CLANG_ENABLE_MODULES = YES;
				CLANG_ENABLE_OBJC_ARC = YES;
				CLANG_WARN_BOOL_CONVERSION = YES;
				CLANG_WARN_CONSTANT_CONVERSION = YES;
				CLANG_WARN_DIRECT_OBJC_ISA_USAGE = YES_ERROR;
				CLANG_WARN_DOCUMENTATION_COMMENTS = YES;
				CLANG_WARN_EMPTY_BODY = YES;
				CLANG_WARN_ENUM_CONVERSION = YES;
				CLANG_WARN_INFINITE_RECURSION = YES;
				CLANG_WARN_INT_CONVERSION = YES;
				CLANG_WARN_OBJC_ROOT_CLASS = YES_ERROR;
				CLANG_WARN_SUSPICIOUS_MOVE = YES;
				CLANG_WARN_UNREACHABLE_CODE = YES;
				CLANG_WARN__DUPLICATE_METHOD_MATCH = YES;
				"CODE_SIGN_IDENTITY[sdk=iphoneos*]" = "iPhone Developer";
				COPY_PHASE_STRIP = NO;
				DEBUG_INFORMATION_FORMAT = dwarf;
				ENABLE_STRICT_OBJC_MSGSEND = YES;
				ENABLE_TESTABILITY = YES;
				GCC_C_LANGUAGE_STANDARD = gnu99;
				GCC_DYNAMIC_NO_PIC = NO;
				GCC_NO_COMMON_BLOCKS = YES;
				GCC_OPTIMIZATION_LEVEL = 0;
				GCC_PREPROCESSOR_DEFINITIONS = (
					"DEBUG=1",
					"$(inherited)",
				);
				GCC_WARN_64_TO_32_BIT_CONVERSION = YES;
				GCC_WARN_ABOUT_RETURN_TYPE = YES_ERROR;
				GCC_WARN_UNDECLARED_SELECTOR = YES;
				GCC_WARN_UNINITIALIZED_AUTOS = YES_AGGRESSIVE;
				GCC_WARN_UNUSED_FUNCTION = YES;
				GCC_WARN_UNUSED_VARIABLE = YES;
				HEADER_SEARCH_PATHS = "";
				IPHONEOS_DEPLOYMENT_TARGET = 10.3;
				LIBRARY_SEARCH_PATHS = "";
				MTL_ENABLE_DEBUG_INFO = YES;
				ONLY_ACTIVE_ARCH = YES;
				SDKROOT = iphoneos;
				SWIFT_ACTIVE_COMPILATION_CONDITIONS = DEBUG;
				SWIFT_OPTIMIZATION_LEVEL = "-Onone";
				TARGETED_DEVICE_FAMILY = "1,2";
			};
			name = Debug;
		};
		82AFADB91F53AC4B001D2E5E /* Release */ = {
			isa = XCBuildConfiguration;
			buildSettings = {
				ALWAYS_SEARCH_USER_PATHS = NO;
				CLANG_ANALYZER_NONNULL = YES;
				CLANG_ANALYZER_NUMBER_OBJECT_CONVERSION = YES_AGGRESSIVE;
				CLANG_CXX_LANGUAGE_STANDARD = "gnu++0x";
				CLANG_CXX_LIBRARY = "libc++";
				CLANG_ENABLE_MODULES = YES;
				CLANG_ENABLE_OBJC_ARC = YES;
				CLANG_WARN_BOOL_CONVERSION = YES;
				CLANG_WARN_CONSTANT_CONVERSION = YES;
				CLANG_WARN_DIRECT_OBJC_ISA_USAGE = YES_ERROR;
				CLANG_WARN_DOCUMENTATION_COMMENTS = YES;
				CLANG_WARN_EMPTY_BODY = YES;
				CLANG_WARN_ENUM_CONVERSION = YES;
				CLANG_WARN_INFINITE_RECURSION = YES;
				CLANG_WARN_INT_CONVERSION = YES;
				CLANG_WARN_OBJC_ROOT_CLASS = YES_ERROR;
				CLANG_WARN_SUSPICIOUS_MOVE = YES;
				CLANG_WARN_UNREACHABLE_CODE = YES;
				CLANG_WARN__DUPLICATE_METHOD_MATCH = YES;
				"CODE_SIGN_IDENTITY[sdk=iphoneos*]" = "iPhone Developer";
				COPY_PHASE_STRIP = NO;
				DEBUG_INFORMATION_FORMAT = "dwarf-with-dsym";
				ENABLE_NS_ASSERTIONS = NO;
				ENABLE_STRICT_OBJC_MSGSEND = YES;
				GCC_C_LANGUAGE_STANDARD = gnu99;
				GCC_NO_COMMON_BLOCKS = YES;
				GCC_WARN_64_TO_32_BIT_CONVERSION = YES;
				GCC_WARN_ABOUT_RETURN_TYPE = YES_ERROR;
				GCC_WARN_UNDECLARED_SELECTOR = YES;
				GCC_WARN_UNINITIALIZED_AUTOS = YES_AGGRESSIVE;
				GCC_WARN_UNUSED_FUNCTION = YES;
				GCC_WARN_UNUSED_VARIABLE = YES;
				HEADER_SEARCH_PATHS = "";
				IPHONEOS_DEPLOYMENT_TARGET = 10.3;
				LIBRARY_SEARCH_PATHS = "";
				MTL_ENABLE_DEBUG_INFO = NO;
				SDKROOT = iphoneos;
				SWIFT_OPTIMIZATION_LEVEL = "-Owholemodule";
				TARGETED_DEVICE_FAMILY = "1,2";
				VALIDATE_PRODUCT = YES;
			};
			name = Release;
		};
		82AFADBB1F53AC4B001D2E5E /* Debug */ = {
			isa = XCBuildConfiguration;
			buildSettings = {
				ASSETCATALOG_COMPILER_APPICON_NAME = AppIcon;
				CODE_SIGN_IDENTITY = "iPhone Developer";
				FRAMEWORK_SEARCH_PATHS = "";
				HEADER_SEARCH_PATHS = (
					/usr/include/libxml2,
					"$(PROJECT_DIR)/Simple-KML/vendor/objective-zip/Objective-Zip",
					"$(PROJECT_DIR)/Simple-KML/vendor/TouchXML/Source",
					"$(PROJECT_DIR)/Simple-KML/vendor/TouchXML/Source/Creation",
					"$(PROJECT_DIR)/Simple-KML/vendor/objective-zip/MiniZip",
				);
				INFOPLIST_FILE = TransiTrainer/Info.plist;
				LD_RUNPATH_SEARCH_PATHS = "$(inherited) @executable_path/Frameworks";
				LIBRARY_SEARCH_PATHS = (
					"$(inherited)",
					"$(PROJECT_DIR)/**",
				);
				OTHER_LDFLAGS = (
					"-lxml2",
					"-v",
				);
				PRODUCT_BUNDLE_IDENTIFIER = org.trimet.TransiTrainer;
				PRODUCT_NAME = "$(TARGET_NAME)";
				SWIFT_OBJC_BRIDGING_HEADER = "libSimple-KML.h";
				SWIFT_VERSION = 3.0;
				VALID_ARCHS = armv64;
			};
			name = Debug;
		};
		82AFADBC1F53AC4B001D2E5E /* Release */ = {
			isa = XCBuildConfiguration;
			buildSettings = {
				ASSETCATALOG_COMPILER_APPICON_NAME = AppIcon;
				CODE_SIGN_IDENTITY = "iPhone Developer";
				FRAMEWORK_SEARCH_PATHS = "";
				HEADER_SEARCH_PATHS = (
					/usr/include/libxml2,
					"$(PROJECT_DIR)/Simple-KML/vendor/objective-zip/Objective-Zip",
					"$(PROJECT_DIR)/Simple-KML/vendor/TouchXML/Source",
					"$(PROJECT_DIR)/Simple-KML/vendor/TouchXML/Source/Creation",
					"$(PROJECT_DIR)/Simple-KML/vendor/objective-zip/MiniZip",
				);
				INFOPLIST_FILE = TransiTrainer/Info.plist;
				LD_RUNPATH_SEARCH_PATHS = "$(inherited) @executable_path/Frameworks";
				LIBRARY_SEARCH_PATHS = (
					"$(inherited)",
					"$(PROJECT_DIR)/**",
				);
				OTHER_LDFLAGS = (
					"-lxml2",
					"-v",
				);
				PRODUCT_BUNDLE_IDENTIFIER = org.trimet.TransiTrainer;
				PRODUCT_NAME = "$(TARGET_NAME)";
				SWIFT_OBJC_BRIDGING_HEADER = "libSimple-KML.h";
				SWIFT_VERSION = 3.0;
				VALID_ARCHS = armv64;
			};
			name = Release;
		};
		82AFADBE1F53AC4B001D2E5E /* Debug */ = {
			isa = XCBuildConfiguration;
			buildSettings = {
				ALWAYS_EMBED_SWIFT_STANDARD_LIBRARIES = YES;
				BUNDLE_LOADER = "$(TEST_HOST)";
				INFOPLIST_FILE = TransiTrainerTests/Info.plist;
				LD_RUNPATH_SEARCH_PATHS = "$(inherited) @executable_path/Frameworks @loader_path/Frameworks";
				PRODUCT_BUNDLE_IDENTIFIER = org.trimet.TransiTrainerTests;
				PRODUCT_NAME = "$(TARGET_NAME)";
				SWIFT_VERSION = 3.0;
				TEST_HOST = "$(BUILT_PRODUCTS_DIR)/TransiTrainer.app/TransiTrainer";
			};
			name = Debug;
		};
		82AFADBF1F53AC4B001D2E5E /* Release */ = {
			isa = XCBuildConfiguration;
			buildSettings = {
				ALWAYS_EMBED_SWIFT_STANDARD_LIBRARIES = YES;
				BUNDLE_LOADER = "$(TEST_HOST)";
				INFOPLIST_FILE = TransiTrainerTests/Info.plist;
				LD_RUNPATH_SEARCH_PATHS = "$(inherited) @executable_path/Frameworks @loader_path/Frameworks";
				PRODUCT_BUNDLE_IDENTIFIER = org.trimet.TransiTrainerTests;
				PRODUCT_NAME = "$(TARGET_NAME)";
				SWIFT_VERSION = 3.0;
				TEST_HOST = "$(BUILT_PRODUCTS_DIR)/TransiTrainer.app/TransiTrainer";
			};
			name = Release;
		};
		82AFADC11F53AC4B001D2E5E /* Debug */ = {
			isa = XCBuildConfiguration;
			buildSettings = {
				ALWAYS_EMBED_SWIFT_STANDARD_LIBRARIES = YES;
				INFOPLIST_FILE = TransiTrainerUITests/Info.plist;
				LD_RUNPATH_SEARCH_PATHS = "$(inherited) @executable_path/Frameworks @loader_path/Frameworks";
				PRODUCT_BUNDLE_IDENTIFIER = org.trimet.TransiTrainerUITests;
				PRODUCT_NAME = "$(TARGET_NAME)";
				SWIFT_VERSION = 3.0;
				TEST_TARGET_NAME = TransiTrainer;
			};
			name = Debug;
		};
		82AFADC21F53AC4B001D2E5E /* Release */ = {
			isa = XCBuildConfiguration;
			buildSettings = {
				ALWAYS_EMBED_SWIFT_STANDARD_LIBRARIES = YES;
				INFOPLIST_FILE = TransiTrainerUITests/Info.plist;
				LD_RUNPATH_SEARCH_PATHS = "$(inherited) @executable_path/Frameworks @loader_path/Frameworks";
				PRODUCT_BUNDLE_IDENTIFIER = org.trimet.TransiTrainerUITests;
				PRODUCT_NAME = "$(TARGET_NAME)";
				SWIFT_VERSION = 3.0;
				TEST_TARGET_NAME = TransiTrainer;
			};
			name = Release;
		};
/* End XCBuildConfiguration section */

/* Begin XCConfigurationList section */
		82AFAD8B1F53AC4B001D2E5E /* Build configuration list for PBXProject "TransiTrainer" */ = {
			isa = XCConfigurationList;
			buildConfigurations = (
				82AFADB81F53AC4B001D2E5E /* Debug */,
				82AFADB91F53AC4B001D2E5E /* Release */,
			);
			defaultConfigurationIsVisible = 0;
			defaultConfigurationName = Release;
		};
		82AFADBA1F53AC4B001D2E5E /* Build configuration list for PBXNativeTarget "TransiTrainer" */ = {
			isa = XCConfigurationList;
			buildConfigurations = (
				82AFADBB1F53AC4B001D2E5E /* Debug */,
				82AFADBC1F53AC4B001D2E5E /* Release */,
			);
			defaultConfigurationIsVisible = 0;
			defaultConfigurationName = Release;
		};
		82AFADBD1F53AC4B001D2E5E /* Build configuration list for PBXNativeTarget "TransiTrainerTests" */ = {
			isa = XCConfigurationList;
			buildConfigurations = (
				82AFADBE1F53AC4B001D2E5E /* Debug */,
				82AFADBF1F53AC4B001D2E5E /* Release */,
			);
			defaultConfigurationIsVisible = 0;
			defaultConfigurationName = Release;
		};
		82AFADC01F53AC4B001D2E5E /* Build configuration list for PBXNativeTarget "TransiTrainerUITests" */ = {
			isa = XCConfigurationList;
			buildConfigurations = (
				82AFADC11F53AC4B001D2E5E /* Debug */,
				82AFADC21F53AC4B001D2E5E /* Release */,
			);
			defaultConfigurationIsVisible = 0;
			defaultConfigurationName = Release;
		};
/* End XCConfigurationList section */
	};
	rootObject = 82AFAD881F53AC4B001D2E5E /* Project object */;
}
